<?xml version="1.0" encoding="utf-8"?>
<Project ToolsVersion="4.0" xmlns="http://schemas.microsoft.com/developer/msbuild/2003">
  <ItemGroup>
    <Filter Include="Source Files">
      <UniqueIdentifier>{4FC737F1-C7A5-4376-A066-2A32D752A2FF}</UniqueIdentifier>
      <Extensions>cpp;c;cc;cxx;def;odl;idl;hpj;bat;asm;asmx</Extensions>
    </Filter>
    <Filter Include="generated source files">
      <UniqueIdentifier>{cc01c060-17d0-4d61-bf3f-aceb56740f9d}</UniqueIdentifier>
    </Filter>
  </ItemGroup>
  <ItemGroup>
    <ClCompile Include="codegen.cpp">
      <Filter>Source Files</Filter>
    </ClCompile>
    <ClCompile Include="momEncodings.cpp">
      <Filter>generated source files</Filter>
    </ClCompile>
    <ClCompile Include="RTFederateEncodings.cpp">
      <Filter>generated source files</Filter>
    </ClCompile>
    <ClCompile Include="RTFederateObjects.cpp">
      <Filter>generated source files</Filter>
    </ClCompile>
  </ItemGroup>
  <ItemGroup>
    <ClInclude Include="momDataTypes.h">
      <Filter>generated source files</Filter>
    </ClInclude>
    <ClInclude Include="momEncodings.h">
      <Filter>generated source files</Filter>
    </ClInclude>
    <ClInclude Include="RTFederateDataTypes.h">
      <Filter>generated source files</Filter>
    </ClInclude>
    <ClInclude Include="RTFederateEncodings.h">
      <Filter>generated source files</Filter>
    </ClInclude>
    <ClInclude Include="RTFederateObjects.h">
      <Filter>generated source files</Filter>
    </ClInclude>
    <ClInclude Include="RTFederateObjectInterfaces.h">
      <Filter>generated source files</Filter>
    </ClInclude>
  </ItemGroup>
  <ItemGroup>
    <CustomBuild Include="mom.xml" />
    <CustomBuild Include="RTFederate.xml" />
  </ItemGroup>
</Project>