Microsoft Visual Studio Solution File, Format Version 12.00
# Visual Studio 15
VisualStudioVersion = 15.0.27130.2020
MinimumVisualStudioVersion = 10.0.40219.1
Project("{8BC9CEB8-8B4A-11D0-8D11-00A0C91BC942}") = "OpenRTI", "src\OpenRTI\OpenRTI.vcxproj", "{1A1A66B8-408A-301F-AA77-DFD4708C8C6E}"
EndProject
Project("{8BC9CEB8-8B4A-11D0-8D11-00A0C91BC942}") = "RUN_TESTS", "RUN_TESTS.vcxproj", "{BBC273A9-E7EE-37E1-BC4C-71375F547A3F}"
	ProjectSection(ProjectDependencies) = postProject
		{409E5602-A804-3428-A9A8-3AE9E95D04F8} = {409E5602-A804-3428-A9A8-3AE9E95D04F8}
		{DEE8A809-6531-30D3-9292-E70C38ED75FC} = {DEE8A809-6531-30D3-9292-E70C38ED75FC}
		{BB51B31F-3D6D-3A84-8883-EC4BF0193C48} = {BB51B31F-3D6D-3A84-8883-EC4BF0193C48}
		{F3FDDD4B-F52B-3460-97BA-6BCBA24FCDF4} = {F3FDDD4B-F52B-3460-97BA-6BCBA24FCDF4}
		{F8E7565C-E670-3525-A6A8-27D4E9420652} = {F8E7565C-E670-3525-A6A8-27D4E9420652}
		{AC5B586D-F120-3715-BC9C-FC80DD945C84} = {AC5B586D-F120-3715-BC9C-FC80DD945C84}
		{3408918C-28A9-3393-8EC7-0BC04E177AD2} = {3408918C-28A9-3393-8EC7-0BC04E177AD2}
		{1A1A66B8-408A-301F-AA77-DFD4708C8C6E} = {1A1A66B8-408A-301F-AA77-DFD4708C8C6E}
		{CB5C64C0-DC18-3DBA-82C4-A545C920800C} = {CB5C64C0-DC18-3DBA-82C4-A545C920800C}
		{239B98CC-6BB3-3948-A238-DBEFE657FDCB} = {239B98CC-6BB3-3948-A238-DBEFE657FDCB}
		{268054D2-69C7-3696-8DD5-2A8BCE54B755} = {268054D2-69C7-3696-8DD5-2A8BCE54B755}
	EndProjectSection
EndProject
Project("{8BC9CEB8-8B4A-11D0-8D11-00A0C91BC942}") = "fddget-1516e", "tests\rti1516e\fddget\fddget-1516e.vcxproj", "{F3FDDD4B-F52B-3460-97BA-6BCBA24FCDF4}"
	ProjectSection(ProjectDependencies) = postProject
		{DEE8A809-6531-30D3-9292-E70C38ED75FC} = {DEE8A809-6531-30D3-9292-E70C38ED75FC}
		{AC5B586D-F120-3715-BC9C-FC80DD945C84} = {AC5B586D-F120-3715-BC9C-FC80DD945C84}
		{1A1A66B8-408A-301F-AA77-DFD4708C8C6E} = {1A1A66B8-408A-301F-AA77-DFD4708C8C6E}
	EndProjectSection
EndProject
Project("{8BC9CEB8-8B4A-11D0-8D11-00A0C91BC942}") = "fedtime1516e", "src\rti1516e\fedtime1516e.vcxproj", "{AC5B586D-F120-3715-BC9C-FC80DD945C84}"
	ProjectSection(ProjectDependencies) = postProject
		{DEE8A809-6531-30D3-9292-E70C38ED75FC} = {DEE8A809-6531-30D3-9292-E70C38ED75FC}
		{F8E7565C-E670-3525-A6A8-27D4E9420652} = {F8E7565C-E670-3525-A6A8-27D4E9420652}
		{1A1A66B8-408A-301F-AA77-DFD4708C8C6E} = {1A1A66B8-408A-301F-AA77-DFD4708C8C6E}
	EndProjectSection
EndProject
Project("{8BC9CEB8-8B4A-11D0-8D11-00A0C91BC942}") = "fedtime1516eStub", "src\rti1516e\fedtime1516eStub.vcxproj", "{F8E7565C-E670-3525-A6A8-27D4E9420652}"
EndProject
Project("{8BC9CEB8-8B4A-11D0-8D11-00A0C91BC942}") = "link-1516e", "tests\rti1516e\link\link-1516e.vcxproj", "{409E5602-A804-3428-A9A8-3AE9E95D04F8}"
	ProjectSection(ProjectDependencies) = postProject
		{DEE8A809-6531-30D3-9292-E70C38ED75FC} = {DEE8A809-6531-30D3-9292-E70C38ED75FC}
		{AC5B586D-F120-3715-BC9C-FC80DD945C84} = {AC5B586D-F120-3715-BC9C-FC80DD945C84}
	EndProjectSection
EndProject
Project("{8BC9CEB8-8B4A-11D0-8D11-00A0C91BC942}") = "modules-1516e", "tests\rti1516e\modules\modules-1516e.vcxproj", "{3408918C-28A9-3393-8EC7-0BC04E177AD2}"
	ProjectSection(ProjectDependencies) = postProject
		{DEE8A809-6531-30D3-9292-E70C38ED75FC} = {DEE8A809-6531-30D3-9292-E70C38ED75FC}
		{AC5B586D-F120-3715-BC9C-FC80DD945C84} = {AC5B586D-F120-3715-BC9C-FC80DD945C84}
		{1A1A66B8-408A-301F-AA77-DFD4708C8C6E} = {1A1A66B8-408A-301F-AA77-DFD4708C8C6E}
	EndProjectSection
EndProject
Project("{8BC9CEB8-8B4A-11D0-8D11-00A0C91BC942}") = "rti1516e", "src\rti1516e\rti1516e.vcxproj", "{DEE8A809-6531-30D3-9292-E70C38ED75FC}"
	ProjectSection(ProjectDependencies) = postProject
		{F8E7565C-E670-3525-A6A8-27D4E9420652} = {F8E7565C-E670-3525-A6A8-27D4E9420652}
		{1A1A66B8-408A-301F-AA77-DFD4708C8C6E} = {1A1A66B8-408A-301F-AA77-DFD4708C8C6E}
	EndProjectSection
EndProject
Project("{8BC9CEB8-8B4A-11D0-8D11-00A0C91BC942}") = "rtinode", "src\rtinode\rtinode.vcxproj", "{BB51B31F-3D6D-3A84-8883-EC4BF0193C48}"
	ProjectSection(ProjectDependencies) = postProject
		{1A1A66B8-408A-301F-AA77-DFD4708C8C6E} = {1A1A66B8-408A-301F-AA77-DFD4708C8C6E}
	EndProjectSection
EndProject
Project("{8BC9CEB8-8B4A-11D0-8D11-00A0C91BC942}") = "socketaddress", "tests\OpenRTI\network\socketaddress.vcxproj", "{CB5C64C0-DC18-3DBA-82C4-A545C920800C}"
	ProjectSection(ProjectDependencies) = postProject
		{1A1A66B8-408A-301F-AA77-DFD4708C8C6E} = {1A1A66B8-408A-301F-AA77-DFD4708C8C6E}
	EndProjectSection
EndProject
Project("{8BC9CEB8-8B4A-11D0-8D11-00A0C91BC942}") = "threads", "tests\OpenRTI\threads\threads.vcxproj", "{239B98CC-6BB3-3948-A238-DBEFE657FDCB}"
	ProjectSection(ProjectDependencies) = postProject
		{1A1A66B8-408A-301F-AA77-DFD4708C8C6E} = {1A1A66B8-408A-301F-AA77-DFD4708C8C6E}
	EndProjectSection
EndProject
Project("{8BC9CEB8-8B4A-11D0-8D11-00A0C91BC942}") = "url", "tests\OpenRTI\network\url.vcxproj", "{268054D2-69C7-3696-8DD5-2A8BCE54B755}"
	ProjectSection(ProjectDependencies) = postProject
		{1A1A66B8-408A-301F-AA77-DFD4708C8C6E} = {1A1A66B8-408A-301F-AA77-DFD4708C8C6E}
	EndProjectSection
EndProject
Project("{2150E333-8FDC-42A3-9474-1A3956D46DE8}") = "Solution Items", "Solution Items", "{23F38A67-E25B-44A3-8570-7104CA0B2781}"
	ProjectSection(SolutionItems) = preProject
		lgpl-2.1.txt = lgpl-2.1.txt
		lgpl-3.txt = lgpl-3.txt
		LICENSE = LICENSE
		mpl-2.0.txt = mpl-2.0.txt
	EndProjectSection
EndProject
Project("{2150E333-8FDC-42A3-9474-1A3956D46DE8}") = "Tests", "Tests", "{C007F7FB-94FD-4294-899D-5B1FAF53C8E3}"
EndProject
Project("{2150E333-8FDC-42A3-9474-1A3956D46DE8}") = "rti1516e", "rti1516e", "{C06666B1-53E9-40DC-A7C2-22123791AA32}"
EndProject
Project("{8BC9CEB8-8B4A-11D0-8D11-00A0C91BC942}") = "TimeConstrainedFederate1516e", "tests\rti1516e\testfed\TimeConstrainedFederate\TimeConstrainedFederate1516e.vcxproj", "{34257689-B96D-4632-981E-01F731DFE311}"
EndProject
Project("{8BC9CEB8-8B4A-11D0-8D11-00A0C91BC942}") = "TimeRegulatingFederate1516e", "tests\rti1516e\testfed\TimeRegulatingFederate\TimeRegulatingFederate1516e.vcxproj", "{CEB9F98A-4D94-4FD5-A003-7A86E47E749E}"
EndProject
Project("{2150E333-8FDC-42A3-9474-1A3956D46DE8}") = "python", "python", "{75B6DA76-31E1-43C6-BF36-4D26FB1EA572}"
EndProject
Project("{8BC9CEB8-8B4A-11D0-8D11-00A0C91BC942}") = "pyrti1516e", "python\rti1516e\pyrti1516e.vcxproj", "{4B6705BB-9922-4573-BA5E-6DFFC6AF3532}"
EndProject
Project("{888888A0-9F3D-457C-B088-3A5042F75D52}") = "TimeConstrainedFederate", "tests\rti1516e\python\TimeConstrainedFederate\TimeConstrainedFederate.pyproj", "{F3B68F89-3AF6-4E21-A7F8-B9D31B30874B}"
EndProject
Project("{2150E333-8FDC-42A3-9474-1A3956D46DE8}") = "python", "python", "{273881B2-D2F7-4F61-BA41-5AB4F8F3C7BF}"
EndProject
Project("{8BC9CEB8-8B4A-11D0-8D11-00A0C91BC942}") = "InteractionFilters", "tests\OpenRTI\InteractionFilters\InteractionFilters.vcxproj", "{BFD91164-25B0-4AEB-9764-D578590CB17D}"
EndProject
Project("{8BC9CEB8-8B4A-11D0-8D11-00A0C91BC942}") = "ManagerFederate", "tests\rti1516e\mom\ManagerFederate\ManagerFederate.vcxproj", "{D449BBED-638D-47F7-9363-6F856C0C7F0B}"
	ProjectSection(ProjectDependencies) = postProject
		{12F1322D-4260-4D6B-8866-CFB62010C24F} = {12F1322D-4260-4D6B-8866-CFB62010C24F}
	EndProjectSection
EndProject
Project("{8BC9CEB8-8B4A-11D0-8D11-00A0C91BC942}") = "encode", "tests\rti1516e\encode\encode.vcxproj", "{4992F120-DAF6-4A20-93D4-8919117622F7}"
EndProject
Project("{2150E333-8FDC-42A3-9474-1A3956D46DE8}") = "Tools", "Tools", "{22D52919-8EFC-464C-9CB3-2A77EFC7A87F}"
EndProject
Project("{8BC9CEB8-8B4A-11D0-8D11-00A0C91BC942}") = "fom2cpp", "src\Tools\fom2cpp\fom2cpp.vcxproj", "{12F1322D-4260-4D6B-8866-CFB62010C24F}"
EndProject
Project("{FAE04EC0-301F-11D3-BF4B-00C04F79EFBC}") = "FOMCodeGen", "src\Tools\FOMCodeGen\FOMCodeGen.csproj", "{7E4E8133-6A31-47CD-BCEC-19B1B835FE4D}"
EndProject
Project("{8BC9CEB8-8B4A-11D0-8D11-00A0C91BC942}") = "fddread-1516e", "tests\rti1516e\fddread\fddread-1516e.vcxproj", "{5B1D8834-C8A0-46D8-91AB-0486703718E7}"
EndProject
Project("{8BC9CEB8-8B4A-11D0-8D11-00A0C91BC942}") = "objectinstance-1516e", "tests\rti1516e\objectinstance\objectinstance-1516e.vcxproj", "{71055FB7-0D25-3EDF-B09E-9B92830E49CA}"
EndProject
Project("{8BC9CEB8-8B4A-11D0-8D11-00A0C91BC942}") = "objectname-1516e", "tests\rti1516e\objectinstance\objectname-1516e.vcxproj", "{3CF2DA46-651A-49C3-BAF5-DE82738B8EBD}"
EndProject
Project("{8BC9CEB8-8B4A-11D0-8D11-00A0C91BC942}") = "connect-1516e", "tests\rti1516e\connect\connect-1516e.vcxproj", "{782A589E-17BD-4B8D-8F49-6A3517F486A3}"
EndProject
Project("{8BC9CEB8-8B4A-11D0-8D11-00A0C91BC942}") = "reconnect-1516e", "tests\rti1516e\reconnect\reconnect-1516e.vcxproj", "{54AC7146-BDDA-4D09-970F-B6D309CF0891}"
EndProject
Global
	GlobalSection(SolutionConfigurationPlatforms) = preSolution
		Debug All|Win32 = Debug All|Win32
		Debug All|x64 = Debug All|x64
		Debug|Win32 = Debug|Win32
		Debug|x64 = Debug|x64
		Release All|Win32 = Release All|Win32
		Release All|x64 = Release All|x64
		Release|Win32 = Release|Win32
		Release|x64 = Release|x64
		RTI1516E Debug All|Win32 = RTI1516E Debug All|Win32
		RTI1516E Debug All|x64 = RTI1516E Debug All|x64
		RTI1516E Debug|Win32 = RTI1516E Debug|Win32
		RTI1516E Debug|x64 = RTI1516E Debug|x64
		RTI1516E Release All|Win32 = RTI1516E Release All|Win32
		RTI1516E Release All|x64 = RTI1516E Release All|x64
		RTI1516E Release|Win32 = RTI1516E Release|Win32
		RTI1516E Release|x64 = RTI1516E Release|x64
	EndGlobalSection
	GlobalSection(ProjectConfigurationPlatforms) = postSolution
		{1A1A66B8-408A-301F-AA77-DFD4708C8C6E}.Debug All|Win32.ActiveCfg = Debug|Win32
		{1A1A66B8-408A-301F-AA77-DFD4708C8C6E}.Debug All|Win32.Build.0 = Debug|Win32
		{1A1A66B8-408A-301F-AA77-DFD4708C8C6E}.Debug All|x64.ActiveCfg = Debug|x64
		{1A1A66B8-408A-301F-AA77-DFD4708C8C6E}.Debug All|x64.Build.0 = Debug|x64
		{1A1A66B8-408A-301F-AA77-DFD4708C8C6E}.Debug|Win32.ActiveCfg = Debug|Win32
		{1A1A66B8-408A-301F-AA77-DFD4708C8C6E}.Debug|Win32.Build.0 = Debug|Win32
		{1A1A66B8-408A-301F-AA77-DFD4708C8C6E}.Debug|x64.ActiveCfg = Debug|x64
		{1A1A66B8-408A-301F-AA77-DFD4708C8C6E}.Debug|x64.Build.0 = Debug|x64
		{1A1A66B8-408A-301F-AA77-DFD4708C8C6E}.Release All|Win32.ActiveCfg = Release|Win32
		{1A1A66B8-408A-301F-AA77-DFD4708C8C6E}.Release All|Win32.Build.0 = Release|Win32
		{1A1A66B8-408A-301F-AA77-DFD4708C8C6E}.Release All|x64.ActiveCfg = Release|x64
		{1A1A66B8-408A-301F-AA77-DFD4708C8C6E}.Release All|x64.Build.0 = Release|x64
		{1A1A66B8-408A-301F-AA77-DFD4708C8C6E}.Release|Win32.ActiveCfg = Release|Win32
		{1A1A66B8-408A-301F-AA77-DFD4708C8C6E}.Release|Win32.Build.0 = Release|Win32
		{1A1A66B8-408A-301F-AA77-DFD4708C8C6E}.Release|x64.ActiveCfg = Release|x64
		{1A1A66B8-408A-301F-AA77-DFD4708C8C6E}.Release|x64.Build.0 = Release|x64
		{1A1A66B8-408A-301F-AA77-DFD4708C8C6E}.RTI1516E Debug All|Win32.ActiveCfg = Debug|Win32
		{1A1A66B8-408A-301F-AA77-DFD4708C8C6E}.RTI1516E Debug All|Win32.Build.0 = Debug|Win32
		{1A1A66B8-408A-301F-AA77-DFD4708C8C6E}.RTI1516E Debug All|x64.ActiveCfg = Debug|x64
		{1A1A66B8-408A-301F-AA77-DFD4708C8C6E}.RTI1516E Debug All|x64.Build.0 = Debug|x64
		{1A1A66B8-408A-301F-AA77-DFD4708C8C6E}.RTI1516E Debug|Win32.ActiveCfg = Debug|Win32
		{1A1A66B8-408A-301F-AA77-DFD4708C8C6E}.RTI1516E Debug|Win32.Build.0 = Debug|Win32
		{1A1A66B8-408A-301F-AA77-DFD4708C8C6E}.RTI1516E Debug|x64.ActiveCfg = Debug|x64
		{1A1A66B8-408A-301F-AA77-DFD4708C8C6E}.RTI1516E Debug|x64.Build.0 = Debug|x64
		{1A1A66B8-408A-301F-AA77-DFD4708C8C6E}.RTI1516E Release All|Win32.ActiveCfg = Release|Win32
		{1A1A66B8-408A-301F-AA77-DFD4708C8C6E}.RTI1516E Release All|Win32.Build.0 = Release|Win32
		{1A1A66B8-408A-301F-AA77-DFD4708C8C6E}.RTI1516E Release All|x64.ActiveCfg = Release|x64
		{1A1A66B8-408A-301F-AA77-DFD4708C8C6E}.RTI1516E Release All|x64.Build.0 = Release|x64
		{1A1A66B8-408A-301F-AA77-DFD4708C8C6E}.RTI1516E Release|Win32.ActiveCfg = Release|Win32
		{1A1A66B8-408A-301F-AA77-DFD4708C8C6E}.RTI1516E Release|Win32.Build.0 = Release|Win32
		{1A1A66B8-408A-301F-AA77-DFD4708C8C6E}.RTI1516E Release|x64.ActiveCfg = Release|x64
		{1A1A66B8-408A-301F-AA77-DFD4708C8C6E}.RTI1516E Release|x64.Build.0 = Release|x64
		{BBC273A9-E7EE-37E1-BC4C-71375F547A3F}.Debug All|Win32.ActiveCfg = Debug|Win32
		{BBC273A9-E7EE-37E1-BC4C-71375F547A3F}.Debug All|x64.ActiveCfg = Debug|x64
		{BBC273A9-E7EE-37E1-BC4C-71375F547A3F}.Debug|Win32.ActiveCfg = Debug|Win32
		{BBC273A9-E7EE-37E1-BC4C-71375F547A3F}.Debug|Win32.Build.0 = Debug|Win32
		{BBC273A9-E7EE-37E1-BC4C-71375F547A3F}.Debug|Win32.Deploy.0 = Debug|Win32
		{BBC273A9-E7EE-37E1-BC4C-71375F547A3F}.Debug|x64.ActiveCfg = Debug|x64
		{BBC273A9-E7EE-37E1-BC4C-71375F547A3F}.Debug|x64.Build.0 = Debug|x64
		{BBC273A9-E7EE-37E1-BC4C-71375F547A3F}.Debug|x64.Deploy.0 = Debug|x64
		{BBC273A9-E7EE-37E1-BC4C-71375F547A3F}.Release All|Win32.ActiveCfg = Release|Win32
		{BBC273A9-E7EE-37E1-BC4C-71375F547A3F}.Release All|x64.ActiveCfg = Release|x64
		{BBC273A9-E7EE-37E1-BC4C-71375F547A3F}.Release|Win32.ActiveCfg = Release|Win32
		{BBC273A9-E7EE-37E1-BC4C-71375F547A3F}.Release|Win32.Build.0 = Release|Win32
		{BBC273A9-E7EE-37E1-BC4C-71375F547A3F}.Release|Win32.Deploy.0 = Release|Win32
		{BBC273A9-E7EE-37E1-BC4C-71375F547A3F}.Release|x64.ActiveCfg = Release|x64
		{BBC273A9-E7EE-37E1-BC4C-71375F547A3F}.Release|x64.Build.0 = Release|x64
		{BBC273A9-E7EE-37E1-BC4C-71375F547A3F}.Release|x64.Deploy.0 = Release|x64
		{BBC273A9-E7EE-37E1-BC4C-71375F547A3F}.RTI1516E Debug All|Win32.ActiveCfg = Debug|Win32
		{BBC273A9-E7EE-37E1-BC4C-71375F547A3F}.RTI1516E Debug All|x64.ActiveCfg = Debug|x64
		{BBC273A9-E7EE-37E1-BC4C-71375F547A3F}.RTI1516E Debug|Win32.ActiveCfg = Debug|Win32
		{BBC273A9-E7EE-37E1-BC4C-71375F547A3F}.RTI1516E Debug|x64.ActiveCfg = Debug|x64
		{BBC273A9-E7EE-37E1-BC4C-71375F547A3F}.RTI1516E Release All|Win32.ActiveCfg = Release|Win32
		{BBC273A9-E7EE-37E1-BC4C-71375F547A3F}.RTI1516E Release All|x64.ActiveCfg = Release|x64
		{BBC273A9-E7EE-37E1-BC4C-71375F547A3F}.RTI1516E Release|Win32.ActiveCfg = Release|Win32
		{BBC273A9-E7EE-37E1-BC4C-71375F547A3F}.RTI1516E Release|x64.ActiveCfg = Release|x64
		{F3FDDD4B-F52B-3460-97BA-6BCBA24FCDF4}.Debug All|Win32.ActiveCfg = Debug|Win32
		{F3FDDD4B-F52B-3460-97BA-6BCBA24FCDF4}.Debug All|Win32.Build.0 = Debug|Win32
		{F3FDDD4B-F52B-3460-97BA-6BCBA24FCDF4}.Debug All|x64.ActiveCfg = Debug|x64
		{F3FDDD4B-F52B-3460-97BA-6BCBA24FCDF4}.Debug All|x64.Build.0 = Debug|x64
		{F3FDDD4B-F52B-3460-97BA-6BCBA24FCDF4}.Debug|Win32.ActiveCfg = Debug|Win32
		{F3FDDD4B-F52B-3460-97BA-6BCBA24FCDF4}.Debug|Win32.Build.0 = Debug|Win32
		{F3FDDD4B-F52B-3460-97BA-6BCBA24FCDF4}.Debug|Win32.Deploy.0 = Debug|Win32
		{F3FDDD4B-F52B-3460-97BA-6BCBA24FCDF4}.Debug|x64.ActiveCfg = Debug|x64
		{F3FDDD4B-F52B-3460-97BA-6BCBA24FCDF4}.Debug|x64.Build.0 = Debug|x64
		{F3FDDD4B-F52B-3460-97BA-6BCBA24FCDF4}.Debug|x64.Deploy.0 = Debug|x64
		{F3FDDD4B-F52B-3460-97BA-6BCBA24FCDF4}.Release All|Win32.ActiveCfg = Release|Win32
		{F3FDDD4B-F52B-3460-97BA-6BCBA24FCDF4}.Release All|Win32.Build.0 = Release|Win32
		{F3FDDD4B-F52B-3460-97BA-6BCBA24FCDF4}.Release All|x64.ActiveCfg = Release|x64
		{F3FDDD4B-F52B-3460-97BA-6BCBA24FCDF4}.Release All|x64.Build.0 = Release|x64
		{F3FDDD4B-F52B-3460-97BA-6BCBA24FCDF4}.Release|Win32.ActiveCfg = Release|Win32
		{F3FDDD4B-F52B-3460-97BA-6BCBA24FCDF4}.Release|Win32.Build.0 = Release|Win32
		{F3FDDD4B-F52B-3460-97BA-6BCBA24FCDF4}.Release|Win32.Deploy.0 = Release|Win32
		{F3FDDD4B-F52B-3460-97BA-6BCBA24FCDF4}.Release|x64.ActiveCfg = Release|x64
		{F3FDDD4B-F52B-3460-97BA-6BCBA24FCDF4}.Release|x64.Build.0 = Release|x64
		{F3FDDD4B-F52B-3460-97BA-6BCBA24FCDF4}.Release|x64.Deploy.0 = Release|x64
		{F3FDDD4B-F52B-3460-97BA-6BCBA24FCDF4}.RTI1516E Debug All|Win32.ActiveCfg = Debug|Win32
		{F3FDDD4B-F52B-3460-97BA-6BCBA24FCDF4}.RTI1516E Debug All|Win32.Build.0 = Debug|Win32
		{F3FDDD4B-F52B-3460-97BA-6BCBA24FCDF4}.RTI1516E Debug All|x64.ActiveCfg = Debug|x64
		{F3FDDD4B-F52B-3460-97BA-6BCBA24FCDF4}.RTI1516E Debug|Win32.ActiveCfg = Debug|Win32
		{F3FDDD4B-F52B-3460-97BA-6BCBA24FCDF4}.RTI1516E Debug|x64.ActiveCfg = Debug|x64
		{F3FDDD4B-F52B-3460-97BA-6BCBA24FCDF4}.RTI1516E Release All|Win32.ActiveCfg = Release|Win32
		{F3FDDD4B-F52B-3460-97BA-6BCBA24FCDF4}.RTI1516E Release All|x64.ActiveCfg = Release|x64
		{F3FDDD4B-F52B-3460-97BA-6BCBA24FCDF4}.RTI1516E Release|Win32.ActiveCfg = Release|Win32
		{F3FDDD4B-F52B-3460-97BA-6BCBA24FCDF4}.RTI1516E Release|x64.ActiveCfg = Release|x64
		{AC5B586D-F120-3715-BC9C-FC80DD945C84}.Debug All|Win32.ActiveCfg = Debug|Win32
		{AC5B586D-F120-3715-BC9C-FC80DD945C84}.Debug All|Win32.Build.0 = Debug|Win32
		{AC5B586D-F120-3715-BC9C-FC80DD945C84}.Debug All|x64.ActiveCfg = Debug|x64
		{AC5B586D-F120-3715-BC9C-FC80DD945C84}.Debug All|x64.Build.0 = Debug|x64
		{AC5B586D-F120-3715-BC9C-FC80DD945C84}.Debug|Win32.ActiveCfg = Debug|Win32
		{AC5B586D-F120-3715-BC9C-FC80DD945C84}.Debug|Win32.Build.0 = Debug|Win32
		{AC5B586D-F120-3715-BC9C-FC80DD945C84}.Debug|x64.ActiveCfg = Debug|x64
		{AC5B586D-F120-3715-BC9C-FC80DD945C84}.Debug|x64.Build.0 = Debug|x64
		{AC5B586D-F120-3715-BC9C-FC80DD945C84}.Release All|Win32.ActiveCfg = Release|Win32
		{AC5B586D-F120-3715-BC9C-FC80DD945C84}.Release All|Win32.Build.0 = Release|Win32
		{AC5B586D-F120-3715-BC9C-FC80DD945C84}.Release All|x64.ActiveCfg = Release|x64
		{AC5B586D-F120-3715-BC9C-FC80DD945C84}.Release All|x64.Build.0 = Release|x64
		{AC5B586D-F120-3715-BC9C-FC80DD945C84}.Release|Win32.ActiveCfg = Release|Win32
		{AC5B586D-F120-3715-BC9C-FC80DD945C84}.Release|Win32.Build.0 = Release|Win32
		{AC5B586D-F120-3715-BC9C-FC80DD945C84}.Release|x64.ActiveCfg = Release|x64
		{AC5B586D-F120-3715-BC9C-FC80DD945C84}.Release|x64.Build.0 = Release|x64
		{AC5B586D-F120-3715-BC9C-FC80DD945C84}.RTI1516E Debug All|Win32.ActiveCfg = Debug|Win32
		{AC5B586D-F120-3715-BC9C-FC80DD945C84}.RTI1516E Debug All|Win32.Build.0 = Debug|Win32
		{AC5B586D-F120-3715-BC9C-FC80DD945C84}.RTI1516E Debug All|x64.ActiveCfg = Debug|x64
		{AC5B586D-F120-3715-BC9C-FC80DD945C84}.RTI1516E Debug All|x64.Build.0 = Debug|x64
		{AC5B586D-F120-3715-BC9C-FC80DD945C84}.RTI1516E Debug|Win32.ActiveCfg = Debug|Win32
		{AC5B586D-F120-3715-BC9C-FC80DD945C84}.RTI1516E Debug|Win32.Build.0 = Debug|Win32
		{AC5B586D-F120-3715-BC9C-FC80DD945C84}.RTI1516E Debug|x64.ActiveCfg = Debug|x64
		{AC5B586D-F120-3715-BC9C-FC80DD945C84}.RTI1516E Debug|x64.Build.0 = Debug|x64
		{AC5B586D-F120-3715-BC9C-FC80DD945C84}.RTI1516E Release All|Win32.ActiveCfg = Release|Win32
		{AC5B586D-F120-3715-BC9C-FC80DD945C84}.RTI1516E Release All|Win32.Build.0 = Release|Win32
		{AC5B586D-F120-3715-BC9C-FC80DD945C84}.RTI1516E Release All|x64.ActiveCfg = Release|x64
		{AC5B586D-F120-3715-BC9C-FC80DD945C84}.RTI1516E Release All|x64.Build.0 = Release|x64
		{AC5B586D-F120-3715-BC9C-FC80DD945C84}.RTI1516E Release|Win32.ActiveCfg = Release|Win32
		{AC5B586D-F120-3715-BC9C-FC80DD945C84}.RTI1516E Release|Win32.Build.0 = Release|Win32
		{AC5B586D-F120-3715-BC9C-FC80DD945C84}.RTI1516E Release|x64.ActiveCfg = Release|x64
		{AC5B586D-F120-3715-BC9C-FC80DD945C84}.RTI1516E Release|x64.Build.0 = Release|x64
		{F8E7565C-E670-3525-A6A8-27D4E9420652}.Debug All|Win32.ActiveCfg = Debug|Win32
		{F8E7565C-E670-3525-A6A8-27D4E9420652}.Debug All|Win32.Build.0 = Debug|Win32
		{F8E7565C-E670-3525-A6A8-27D4E9420652}.Debug All|x64.ActiveCfg = Debug|x64
		{F8E7565C-E670-3525-A6A8-27D4E9420652}.Debug All|x64.Build.0 = Debug|x64
		{F8E7565C-E670-3525-A6A8-27D4E9420652}.Debug|Win32.ActiveCfg = Debug|Win32
		{F8E7565C-E670-3525-A6A8-27D4E9420652}.Debug|Win32.Build.0 = Debug|Win32
		{F8E7565C-E670-3525-A6A8-27D4E9420652}.Debug|x64.ActiveCfg = Debug|x64
		{F8E7565C-E670-3525-A6A8-27D4E9420652}.Debug|x64.Build.0 = Debug|x64
		{F8E7565C-E670-3525-A6A8-27D4E9420652}.Release All|Win32.ActiveCfg = Release|Win32
		{F8E7565C-E670-3525-A6A8-27D4E9420652}.Release All|Win32.Build.0 = Release|Win32
		{F8E7565C-E670-3525-A6A8-27D4E9420652}.Release All|x64.ActiveCfg = Release|x64
		{F8E7565C-E670-3525-A6A8-27D4E9420652}.Release All|x64.Build.0 = Release|x64
		{F8E7565C-E670-3525-A6A8-27D4E9420652}.Release|Win32.ActiveCfg = Release|Win32
		{F8E7565C-E670-3525-A6A8-27D4E9420652}.Release|Win32.Build.0 = Release|Win32
		{F8E7565C-E670-3525-A6A8-27D4E9420652}.Release|x64.ActiveCfg = Release|x64
		{F8E7565C-E670-3525-A6A8-27D4E9420652}.Release|x64.Build.0 = Release|x64
		{F8E7565C-E670-3525-A6A8-27D4E9420652}.RTI1516E Debug All|Win32.ActiveCfg = Debug|Win32
		{F8E7565C-E670-3525-A6A8-27D4E9420652}.RTI1516E Debug All|Win32.Build.0 = Debug|Win32
		{F8E7565C-E670-3525-A6A8-27D4E9420652}.RTI1516E Debug All|x64.ActiveCfg = Debug|x64
		{F8E7565C-E670-3525-A6A8-27D4E9420652}.RTI1516E Debug All|x64.Build.0 = Debug|x64
		{F8E7565C-E670-3525-A6A8-27D4E9420652}.RTI1516E Debug|Win32.ActiveCfg = Debug|Win32
		{F8E7565C-E670-3525-A6A8-27D4E9420652}.RTI1516E Debug|Win32.Build.0 = Debug|Win32
		{F8E7565C-E670-3525-A6A8-27D4E9420652}.RTI1516E Debug|x64.ActiveCfg = Debug|x64
		{F8E7565C-E670-3525-A6A8-27D4E9420652}.RTI1516E Debug|x64.Build.0 = Debug|x64
		{F8E7565C-E670-3525-A6A8-27D4E9420652}.RTI1516E Release All|Win32.ActiveCfg = Release|Win32
		{F8E7565C-E670-3525-A6A8-27D4E9420652}.RTI1516E Release All|Win32.Build.0 = Release|Win32
		{F8E7565C-E670-3525-A6A8-27D4E9420652}.RTI1516E Release All|x64.ActiveCfg = Release|x64
		{F8E7565C-E670-3525-A6A8-27D4E9420652}.RTI1516E Release All|x64.Build.0 = Release|x64
		{F8E7565C-E670-3525-A6A8-27D4E9420652}.RTI1516E Release|Win32.ActiveCfg = Release|Win32
		{F8E7565C-E670-3525-A6A8-27D4E9420652}.RTI1516E Release|Win32.Build.0 = Release|Win32
		{F8E7565C-E670-3525-A6A8-27D4E9420652}.RTI1516E Release|x64.ActiveCfg = Release|x64
		{F8E7565C-E670-3525-A6A8-27D4E9420652}.RTI1516E Release|x64.Build.0 = Release|x64
		{409E5602-A804-3428-A9A8-3AE9E95D04F8}.Debug All|Win32.ActiveCfg = Debug|Win32
		{409E5602-A804-3428-A9A8-3AE9E95D04F8}.Debug All|Win32.Build.0 = Debug|Win32
		{409E5602-A804-3428-A9A8-3AE9E95D04F8}.Debug All|x64.ActiveCfg = Debug|x64
		{409E5602-A804-3428-A9A8-3AE9E95D04F8}.Debug All|x64.Build.0 = Debug|x64
		{409E5602-A804-3428-A9A8-3AE9E95D04F8}.Debug|Win32.ActiveCfg = Debug|Win32
		{409E5602-A804-3428-A9A8-3AE9E95D04F8}.Debug|Win32.Build.0 = Debug|Win32
		{409E5602-A804-3428-A9A8-3AE9E95D04F8}.Debug|Win32.Deploy.0 = Debug|Win32
		{409E5602-A804-3428-A9A8-3AE9E95D04F8}.Debug|x64.ActiveCfg = Debug|x64
		{409E5602-A804-3428-A9A8-3AE9E95D04F8}.Debug|x64.Build.0 = Debug|x64
		{409E5602-A804-3428-A9A8-3AE9E95D04F8}.Debug|x64.Deploy.0 = Debug|x64
		{409E5602-A804-3428-A9A8-3AE9E95D04F8}.Release All|Win32.ActiveCfg = Release|Win32
		{409E5602-A804-3428-A9A8-3AE9E95D04F8}.Release All|Win32.Build.0 = Release|Win32
		{409E5602-A804-3428-A9A8-3AE9E95D04F8}.Release All|x64.ActiveCfg = Release|x64
		{409E5602-A804-3428-A9A8-3AE9E95D04F8}.Release All|x64.Build.0 = Release|x64
		{409E5602-A804-3428-A9A8-3AE9E95D04F8}.Release|Win32.ActiveCfg = Release|Win32
		{409E5602-A804-3428-A9A8-3AE9E95D04F8}.Release|Win32.Build.0 = Release|Win32
		{409E5602-A804-3428-A9A8-3AE9E95D04F8}.Release|Win32.Deploy.0 = Release|Win32
		{409E5602-A804-3428-A9A8-3AE9E95D04F8}.Release|x64.ActiveCfg = Release|x64
		{409E5602-A804-3428-A9A8-3AE9E95D04F8}.Release|x64.Build.0 = Release|x64
		{409E5602-A804-3428-A9A8-3AE9E95D04F8}.Release|x64.Deploy.0 = Release|x64
		{409E5602-A804-3428-A9A8-3AE9E95D04F8}.RTI1516E Debug All|Win32.ActiveCfg = Debug|Win32
		{409E5602-A804-3428-A9A8-3AE9E95D04F8}.RTI1516E Debug All|x64.ActiveCfg = Debug|x64
		{409E5602-A804-3428-A9A8-3AE9E95D04F8}.RTI1516E Debug|Win32.ActiveCfg = Debug|Win32
		{409E5602-A804-3428-A9A8-3AE9E95D04F8}.RTI1516E Debug|x64.ActiveCfg = Debug|x64
		{409E5602-A804-3428-A9A8-3AE9E95D04F8}.RTI1516E Release All|Win32.ActiveCfg = Release|Win32
		{409E5602-A804-3428-A9A8-3AE9E95D04F8}.RTI1516E Release All|x64.ActiveCfg = Release|x64
		{409E5602-A804-3428-A9A8-3AE9E95D04F8}.RTI1516E Release|Win32.ActiveCfg = Release|Win32
		{409E5602-A804-3428-A9A8-3AE9E95D04F8}.RTI1516E Release|x64.ActiveCfg = Release|x64
		{3408918C-28A9-3393-8EC7-0BC04E177AD2}.Debug All|Win32.ActiveCfg = Debug|Win32
		{3408918C-28A9-3393-8EC7-0BC04E177AD2}.Debug All|Win32.Build.0 = Debug|Win32
		{3408918C-28A9-3393-8EC7-0BC04E177AD2}.Debug All|x64.ActiveCfg = Debug|x64
		{3408918C-28A9-3393-8EC7-0BC04E177AD2}.Debug All|x64.Build.0 = Debug|x64
		{3408918C-28A9-3393-8EC7-0BC04E177AD2}.Debug|Win32.ActiveCfg = Debug|Win32
		{3408918C-28A9-3393-8EC7-0BC04E177AD2}.Debug|Win32.Build.0 = Debug|Win32
		{3408918C-28A9-3393-8EC7-0BC04E177AD2}.Debug|Win32.Deploy.0 = Debug|Win32
		{3408918C-28A9-3393-8EC7-0BC04E177AD2}.Debug|x64.ActiveCfg = Debug|x64
		{3408918C-28A9-3393-8EC7-0BC04E177AD2}.Debug|x64.Build.0 = Debug|x64
		{3408918C-28A9-3393-8EC7-0BC04E177AD2}.Debug|x64.Deploy.0 = Debug|x64
		{3408918C-28A9-3393-8EC7-0BC04E177AD2}.Release All|Win32.ActiveCfg = Release|Win32
		{3408918C-28A9-3393-8EC7-0BC04E177AD2}.Release All|Win32.Build.0 = Release|Win32
		{3408918C-28A9-3393-8EC7-0BC04E177AD2}.Release All|x64.ActiveCfg = Release|x64
		{3408918C-28A9-3393-8EC7-0BC04E177AD2}.Release All|x64.Build.0 = Release|x64
		{3408918C-28A9-3393-8EC7-0BC04E177AD2}.Release|Win32.ActiveCfg = Release|Win32
		{3408918C-28A9-3393-8EC7-0BC04E177AD2}.Release|Win32.Build.0 = Release|Win32
		{3408918C-28A9-3393-8EC7-0BC04E177AD2}.Release|Win32.Deploy.0 = Release|Win32
		{3408918C-28A9-3393-8EC7-0BC04E177AD2}.Release|x64.ActiveCfg = Release|x64
		{3408918C-28A9-3393-8EC7-0BC04E177AD2}.Release|x64.Build.0 = Release|x64
		{3408918C-28A9-3393-8EC7-0BC04E177AD2}.Release|x64.Deploy.0 = Release|x64
		{3408918C-28A9-3393-8EC7-0BC04E177AD2}.RTI1516E Debug All|Win32.ActiveCfg = Debug|Win32
		{3408918C-28A9-3393-8EC7-0BC04E177AD2}.RTI1516E Debug All|Win32.Build.0 = Debug|Win32
		{3408918C-28A9-3393-8EC7-0BC04E177AD2}.RTI1516E Debug All|x64.ActiveCfg = Debug|x64
		{3408918C-28A9-3393-8EC7-0BC04E177AD2}.RTI1516E Debug|Win32.ActiveCfg = Debug|Win32
		{3408918C-28A9-3393-8EC7-0BC04E177AD2}.RTI1516E Debug|x64.ActiveCfg = Debug|x64
		{3408918C-28A9-3393-8EC7-0BC04E177AD2}.RTI1516E Release All|Win32.ActiveCfg = Release|Win32
		{3408918C-28A9-3393-8EC7-0BC04E177AD2}.RTI1516E Release All|x64.ActiveCfg = Release|x64
		{3408918C-28A9-3393-8EC7-0BC04E177AD2}.RTI1516E Release|Win32.ActiveCfg = Release|Win32
		{3408918C-28A9-3393-8EC7-0BC04E177AD2}.RTI1516E Release|x64.ActiveCfg = Release|x64
		{DEE8A809-6531-30D3-9292-E70C38ED75FC}.Debug All|Win32.ActiveCfg = Debug|Win32
		{DEE8A809-6531-30D3-9292-E70C38ED75FC}.Debug All|Win32.Build.0 = Debug|Win32
		{DEE8A809-6531-30D3-9292-E70C38ED75FC}.Debug All|x64.ActiveCfg = Debug|x64
		{DEE8A809-6531-30D3-9292-E70C38ED75FC}.Debug All|x64.Build.0 = Debug|x64
		{DEE8A809-6531-30D3-9292-E70C38ED75FC}.Debug|Win32.ActiveCfg = Debug|Win32
		{DEE8A809-6531-30D3-9292-E70C38ED75FC}.Debug|Win32.Build.0 = Debug|Win32
		{DEE8A809-6531-30D3-9292-E70C38ED75FC}.Debug|x64.ActiveCfg = Debug|x64
		{DEE8A809-6531-30D3-9292-E70C38ED75FC}.Debug|x64.Build.0 = Debug|x64
		{DEE8A809-6531-30D3-9292-E70C38ED75FC}.Release All|Win32.ActiveCfg = Release|Win32
		{DEE8A809-6531-30D3-9292-E70C38ED75FC}.Release All|Win32.Build.0 = Release|Win32
		{DEE8A809-6531-30D3-9292-E70C38ED75FC}.Release All|x64.ActiveCfg = Release|x64
		{DEE8A809-6531-30D3-9292-E70C38ED75FC}.Release All|x64.Build.0 = Release|x64
		{DEE8A809-6531-30D3-9292-E70C38ED75FC}.Release|Win32.ActiveCfg = Release|Win32
		{DEE8A809-6531-30D3-9292-E70C38ED75FC}.Release|Win32.Build.0 = Release|Win32
		{DEE8A809-6531-30D3-9292-E70C38ED75FC}.Release|x64.ActiveCfg = Release|x64
		{DEE8A809-6531-30D3-9292-E70C38ED75FC}.Release|x64.Build.0 = Release|x64
		{DEE8A809-6531-30D3-9292-E70C38ED75FC}.RTI1516E Debug All|Win32.ActiveCfg = Debug|Win32
		{DEE8A809-6531-30D3-9292-E70C38ED75FC}.RTI1516E Debug All|Win32.Build.0 = Debug|Win32
		{DEE8A809-6531-30D3-9292-E70C38ED75FC}.RTI1516E Debug All|x64.ActiveCfg = Debug|x64
		{DEE8A809-6531-30D3-9292-E70C38ED75FC}.RTI1516E Debug All|x64.Build.0 = Debug|x64
		{DEE8A809-6531-30D3-9292-E70C38ED75FC}.RTI1516E Debug|Win32.ActiveCfg = Debug|Win32
		{DEE8A809-6531-30D3-9292-E70C38ED75FC}.RTI1516E Debug|Win32.Build.0 = Debug|Win32
		{DEE8A809-6531-30D3-9292-E70C38ED75FC}.RTI1516E Debug|x64.ActiveCfg = Debug|x64
		{DEE8A809-6531-30D3-9292-E70C38ED75FC}.RTI1516E Debug|x64.Build.0 = Debug|x64
		{DEE8A809-6531-30D3-9292-E70C38ED75FC}.RTI1516E Release All|Win32.ActiveCfg = Release|Win32
		{DEE8A809-6531-30D3-9292-E70C38ED75FC}.RTI1516E Release All|Win32.Build.0 = Release|Win32
		{DEE8A809-6531-30D3-9292-E70C38ED75FC}.RTI1516E Release All|x64.ActiveCfg = Release|x64
		{DEE8A809-6531-30D3-9292-E70C38ED75FC}.RTI1516E Release All|x64.Build.0 = Release|x64
		{DEE8A809-6531-30D3-9292-E70C38ED75FC}.RTI1516E Release|Win32.ActiveCfg = Release|Win32
		{DEE8A809-6531-30D3-9292-E70C38ED75FC}.RTI1516E Release|Win32.Build.0 = Release|Win32
		{DEE8A809-6531-30D3-9292-E70C38ED75FC}.RTI1516E Release|x64.ActiveCfg = Release|x64
		{DEE8A809-6531-30D3-9292-E70C38ED75FC}.RTI1516E Release|x64.Build.0 = Release|x64
		{BB51B31F-3D6D-3A84-8883-EC4BF0193C48}.Debug All|Win32.ActiveCfg = Debug|Win32
		{BB51B31F-3D6D-3A84-8883-EC4BF0193C48}.Debug All|Win32.Build.0 = Debug|Win32
		{BB51B31F-3D6D-3A84-8883-EC4BF0193C48}.Debug All|x64.ActiveCfg = Debug|x64
		{BB51B31F-3D6D-3A84-8883-EC4BF0193C48}.Debug All|x64.Build.0 = Debug|x64
		{BB51B31F-3D6D-3A84-8883-EC4BF0193C48}.Debug|Win32.ActiveCfg = Debug|Win32
		{BB51B31F-3D6D-3A84-8883-EC4BF0193C48}.Debug|Win32.Build.0 = Debug|Win32
		{BB51B31F-3D6D-3A84-8883-EC4BF0193C48}.Debug|x64.ActiveCfg = Debug|x64
		{BB51B31F-3D6D-3A84-8883-EC4BF0193C48}.Debug|x64.Build.0 = Debug|x64
		{BB51B31F-3D6D-3A84-8883-EC4BF0193C48}.Release All|Win32.ActiveCfg = Release|Win32
		{BB51B31F-3D6D-3A84-8883-EC4BF0193C48}.Release All|Win32.Build.0 = Release|Win32
		{BB51B31F-3D6D-3A84-8883-EC4BF0193C48}.Release All|x64.ActiveCfg = Release|x64
		{BB51B31F-3D6D-3A84-8883-EC4BF0193C48}.Release All|x64.Build.0 = Release|x64
		{BB51B31F-3D6D-3A84-8883-EC4BF0193C48}.Release|Win32.ActiveCfg = Release|Win32
		{BB51B31F-3D6D-3A84-8883-EC4BF0193C48}.Release|Win32.Build.0 = Release|Win32
		{BB51B31F-3D6D-3A84-8883-EC4BF0193C48}.Release|x64.ActiveCfg = Release|x64
		{BB51B31F-3D6D-3A84-8883-EC4BF0193C48}.Release|x64.Build.0 = Release|x64
		{BB51B31F-3D6D-3A84-8883-EC4BF0193C48}.RTI1516E Debug All|Win32.ActiveCfg = Debug|Win32
		{BB51B31F-3D6D-3A84-8883-EC4BF0193C48}.RTI1516E Debug All|Win32.Build.0 = Debug|Win32
		{BB51B31F-3D6D-3A84-8883-EC4BF0193C48}.RTI1516E Debug All|x64.ActiveCfg = Debug|x64
		{BB51B31F-3D6D-3A84-8883-EC4BF0193C48}.RTI1516E Debug All|x64.Build.0 = Debug|x64
		{BB51B31F-3D6D-3A84-8883-EC4BF0193C48}.RTI1516E Debug|Win32.ActiveCfg = Debug|Win32
		{BB51B31F-3D6D-3A84-8883-EC4BF0193C48}.RTI1516E Debug|Win32.Build.0 = Debug|Win32
		{BB51B31F-3D6D-3A84-8883-EC4BF0193C48}.RTI1516E Debug|x64.ActiveCfg = Debug|x64
		{BB51B31F-3D6D-3A84-8883-EC4BF0193C48}.RTI1516E Debug|x64.Build.0 = Debug|x64
		{BB51B31F-3D6D-3A84-8883-EC4BF0193C48}.RTI1516E Release All|Win32.ActiveCfg = Release|Win32
		{BB51B31F-3D6D-3A84-8883-EC4BF0193C48}.RTI1516E Release All|Win32.Build.0 = Release|Win32
		{BB51B31F-3D6D-3A84-8883-EC4BF0193C48}.RTI1516E Release All|x64.ActiveCfg = Release|x64
		{BB51B31F-3D6D-3A84-8883-EC4BF0193C48}.RTI1516E Release All|x64.Build.0 = Release|x64
		{BB51B31F-3D6D-3A84-8883-EC4BF0193C48}.RTI1516E Release|Win32.ActiveCfg = Release|Win32
		{BB51B31F-3D6D-3A84-8883-EC4BF0193C48}.RTI1516E Release|Win32.Build.0 = Release|Win32
		{BB51B31F-3D6D-3A84-8883-EC4BF0193C48}.RTI1516E Release|x64.ActiveCfg = Release|x64
		{BB51B31F-3D6D-3A84-8883-EC4BF0193C48}.RTI1516E Release|x64.Build.0 = Release|x64
		{CB5C64C0-DC18-3DBA-82C4-A545C920800C}.Debug All|Win32.ActiveCfg = Debug|Win32
		{CB5C64C0-DC18-3DBA-82C4-A545C920800C}.Debug All|Win32.Build.0 = Debug|Win32
		{CB5C64C0-DC18-3DBA-82C4-A545C920800C}.Debug All|x64.ActiveCfg = Debug|x64
		{CB5C64C0-DC18-3DBA-82C4-A545C920800C}.Debug All|x64.Build.0 = Debug|x64
		{CB5C64C0-DC18-3DBA-82C4-A545C920800C}.Debug|Win32.ActiveCfg = Debug|Win32
		{CB5C64C0-DC18-3DBA-82C4-A545C920800C}.Debug|Win32.Build.0 = Debug|Win32
		{CB5C64C0-DC18-3DBA-82C4-A545C920800C}.Debug|Win32.Deploy.0 = Debug|Win32
		{CB5C64C0-DC18-3DBA-82C4-A545C920800C}.Debug|x64.ActiveCfg = Debug|x64
		{CB5C64C0-DC18-3DBA-82C4-A545C920800C}.Debug|x64.Build.0 = Debug|x64
		{CB5C64C0-DC18-3DBA-82C4-A545C920800C}.Debug|x64.Deploy.0 = Debug|x64
		{CB5C64C0-DC18-3DBA-82C4-A545C920800C}.Release All|Win32.ActiveCfg = Release|Win32
		{CB5C64C0-DC18-3DBA-82C4-A545C920800C}.Release All|Win32.Build.0 = Release|Win32
		{CB5C64C0-DC18-3DBA-82C4-A545C920800C}.Release All|x64.ActiveCfg = Release|x64
		{CB5C64C0-DC18-3DBA-82C4-A545C920800C}.Release All|x64.Build.0 = Release|x64
		{CB5C64C0-DC18-3DBA-82C4-A545C920800C}.Release|Win32.ActiveCfg = Release|Win32
		{CB5C64C0-DC18-3DBA-82C4-A545C920800C}.Release|Win32.Build.0 = Release|Win32
		{CB5C64C0-DC18-3DBA-82C4-A545C920800C}.Release|Win32.Deploy.0 = Release|Win32
		{CB5C64C0-DC18-3DBA-82C4-A545C920800C}.Release|x64.ActiveCfg = Release|x64
		{CB5C64C0-DC18-3DBA-82C4-A545C920800C}.Release|x64.Build.0 = Release|x64
		{CB5C64C0-DC18-3DBA-82C4-A545C920800C}.Release|x64.Deploy.0 = Release|x64
		{CB5C64C0-DC18-3DBA-82C4-A545C920800C}.RTI1516E Debug All|Win32.ActiveCfg = Debug|Win32
		{CB5C64C0-DC18-3DBA-82C4-A545C920800C}.RTI1516E Debug All|x64.ActiveCfg = Debug|x64
		{CB5C64C0-DC18-3DBA-82C4-A545C920800C}.RTI1516E Debug|Win32.ActiveCfg = Debug|Win32
		{CB5C64C0-DC18-3DBA-82C4-A545C920800C}.RTI1516E Debug|x64.ActiveCfg = Debug|x64
		{CB5C64C0-DC18-3DBA-82C4-A545C920800C}.RTI1516E Release All|Win32.ActiveCfg = Release|Win32
		{CB5C64C0-DC18-3DBA-82C4-A545C920800C}.RTI1516E Release All|x64.ActiveCfg = Release|x64
		{CB5C64C0-DC18-3DBA-82C4-A545C920800C}.RTI1516E Release|Win32.ActiveCfg = Release|Win32
		{CB5C64C0-DC18-3DBA-82C4-A545C920800C}.RTI1516E Release|x64.ActiveCfg = Release|x64
		{239B98CC-6BB3-3948-A238-DBEFE657FDCB}.Debug All|Win32.ActiveCfg = Debug|Win32
		{239B98CC-6BB3-3948-A238-DBEFE657FDCB}.Debug All|Win32.Build.0 = Debug|Win32
		{239B98CC-6BB3-3948-A238-DBEFE657FDCB}.Debug All|x64.ActiveCfg = Debug|x64
		{239B98CC-6BB3-3948-A238-DBEFE657FDCB}.Debug All|x64.Build.0 = Debug|x64
		{239B98CC-6BB3-3948-A238-DBEFE657FDCB}.Debug|Win32.ActiveCfg = Debug|Win32
		{239B98CC-6BB3-3948-A238-DBEFE657FDCB}.Debug|Win32.Build.0 = Debug|Win32
		{239B98CC-6BB3-3948-A238-DBEFE657FDCB}.Debug|Win32.Deploy.0 = Debug|Win32
		{239B98CC-6BB3-3948-A238-DBEFE657FDCB}.Debug|x64.ActiveCfg = Debug|x64
		{239B98CC-6BB3-3948-A238-DBEFE657FDCB}.Debug|x64.Build.0 = Debug|x64
		{239B98CC-6BB3-3948-A238-DBEFE657FDCB}.Debug|x64.Deploy.0 = Debug|x64
		{239B98CC-6BB3-3948-A238-DBEFE657FDCB}.Release All|Win32.ActiveCfg = Release|Win32
		{239B98CC-6BB3-3948-A238-DBEFE657FDCB}.Release All|Win32.Build.0 = Release|Win32
		{239B98CC-6BB3-3948-A238-DBEFE657FDCB}.Release All|x64.ActiveCfg = Release|x64
		{239B98CC-6BB3-3948-A238-DBEFE657FDCB}.Release All|x64.Build.0 = Release|x64
		{239B98CC-6BB3-3948-A238-DBEFE657FDCB}.Release|Win32.ActiveCfg = Release|Win32
		{239B98CC-6BB3-3948-A238-DBEFE657FDCB}.Release|Win32.Build.0 = Release|Win32
		{239B98CC-6BB3-3948-A238-DBEFE657FDCB}.Release|Win32.Deploy.0 = Release|Win32
		{239B98CC-6BB3-3948-A238-DBEFE657FDCB}.Release|x64.ActiveCfg = Release|x64
		{239B98CC-6BB3-3948-A238-DBEFE657FDCB}.Release|x64.Build.0 = Release|x64
		{239B98CC-6BB3-3948-A238-DBEFE657FDCB}.Release|x64.Deploy.0 = Release|x64
		{239B98CC-6BB3-3948-A238-DBEFE657FDCB}.RTI1516E Debug All|Win32.ActiveCfg = Debug|Win32
		{239B98CC-6BB3-3948-A238-DBEFE657FDCB}.RTI1516E Debug All|Win32.Build.0 = Debug|Win32
		{239B98CC-6BB3-3948-A238-DBEFE657FDCB}.RTI1516E Debug All|x64.ActiveCfg = Debug|x64
		{239B98CC-6BB3-3948-A238-DBEFE657FDCB}.RTI1516E Debug|Win32.ActiveCfg = Debug|Win32
		{239B98CC-6BB3-3948-A238-DBEFE657FDCB}.RTI1516E Debug|x64.ActiveCfg = Debug|x64
		{239B98CC-6BB3-3948-A238-DBEFE657FDCB}.RTI1516E Release All|Win32.ActiveCfg = Release|Win32
		{239B98CC-6BB3-3948-A238-DBEFE657FDCB}.RTI1516E Release All|x64.ActiveCfg = Release|x64
		{239B98CC-6BB3-3948-A238-DBEFE657FDCB}.RTI1516E Release|Win32.ActiveCfg = Release|Win32
		{239B98CC-6BB3-3948-A238-DBEFE657FDCB}.RTI1516E Release|x64.ActiveCfg = Release|x64
		{268054D2-69C7-3696-8DD5-2A8BCE54B755}.Debug All|Win32.ActiveCfg = Debug|Win32
		{268054D2-69C7-3696-8DD5-2A8BCE54B755}.Debug All|Win32.Build.0 = Debug|Win32
		{268054D2-69C7-3696-8DD5-2A8BCE54B755}.Debug All|x64.ActiveCfg = Debug|x64
		{268054D2-69C7-3696-8DD5-2A8BCE54B755}.Debug All|x64.Build.0 = Debug|x64
		{268054D2-69C7-3696-8DD5-2A8BCE54B755}.Debug|Win32.ActiveCfg = Debug|Win32
		{268054D2-69C7-3696-8DD5-2A8BCE54B755}.Debug|Win32.Build.0 = Debug|Win32
		{268054D2-69C7-3696-8DD5-2A8BCE54B755}.Debug|Win32.Deploy.0 = Debug|Win32
		{268054D2-69C7-3696-8DD5-2A8BCE54B755}.Debug|x64.ActiveCfg = Debug|x64
		{268054D2-69C7-3696-8DD5-2A8BCE54B755}.Debug|x64.Build.0 = Debug|x64
		{268054D2-69C7-3696-8DD5-2A8BCE54B755}.Debug|x64.Deploy.0 = Debug|x64
		{268054D2-69C7-3696-8DD5-2A8BCE54B755}.Release All|Win32.ActiveCfg = Release|Win32
		{268054D2-69C7-3696-8DD5-2A8BCE54B755}.Release All|Win32.Build.0 = Release|Win32
		{268054D2-69C7-3696-8DD5-2A8BCE54B755}.Release All|x64.ActiveCfg = Release|x64
		{268054D2-69C7-3696-8DD5-2A8BCE54B755}.Release All|x64.Build.0 = Release|x64
		{268054D2-69C7-3696-8DD5-2A8BCE54B755}.Release|Win32.ActiveCfg = Release|Win32
		{268054D2-69C7-3696-8DD5-2A8BCE54B755}.Release|Win32.Build.0 = Release|Win32
		{268054D2-69C7-3696-8DD5-2A8BCE54B755}.Release|Win32.Deploy.0 = Release|Win32
		{268054D2-69C7-3696-8DD5-2A8BCE54B755}.Release|x64.ActiveCfg = Release|x64
		{268054D2-69C7-3696-8DD5-2A8BCE54B755}.Release|x64.Build.0 = Release|x64
		{268054D2-69C7-3696-8DD5-2A8BCE54B755}.Release|x64.Deploy.0 = Release|x64
		{268054D2-69C7-3696-8DD5-2A8BCE54B755}.RTI1516E Debug All|Win32.ActiveCfg = Debug|Win32
		{268054D2-69C7-3696-8DD5-2A8BCE54B755}.RTI1516E Debug All|x64.ActiveCfg = Debug|x64
		{268054D2-69C7-3696-8DD5-2A8BCE54B755}.RTI1516E Debug|Win32.ActiveCfg = Debug|Win32
		{268054D2-69C7-3696-8DD5-2A8BCE54B755}.RTI1516E Debug|x64.ActiveCfg = Debug|x64
		{268054D2-69C7-3696-8DD5-2A8BCE54B755}.RTI1516E Release All|Win32.ActiveCfg = Release|Win32
		{268054D2-69C7-3696-8DD5-2A8BCE54B755}.RTI1516E Release All|x64.ActiveCfg = Release|x64
		{268054D2-69C7-3696-8DD5-2A8BCE54B755}.RTI1516E Release|Win32.ActiveCfg = Release|Win32
		{268054D2-69C7-3696-8DD5-2A8BCE54B755}.RTI1516E Release|x64.ActiveCfg = Release|x64
		{34257689-B96D-4632-981E-01F731DFE311}.Debug All|Win32.ActiveCfg = Debug|Win32
		{34257689-B96D-4632-981E-01F731DFE311}.Debug All|Win32.Build.0 = Debug|Win32
		{34257689-B96D-4632-981E-01F731DFE311}.Debug All|x64.ActiveCfg = Debug|x64
		{34257689-B96D-4632-981E-01F731DFE311}.Debug All|x64.Build.0 = Debug|x64
		{34257689-B96D-4632-981E-01F731DFE311}.Debug|Win32.ActiveCfg = Debug|Win32
		{34257689-B96D-4632-981E-01F731DFE311}.Debug|Win32.Build.0 = Debug|Win32
		{34257689-B96D-4632-981E-01F731DFE311}.Debug|Win32.Deploy.0 = Debug|Win32
		{34257689-B96D-4632-981E-01F731DFE311}.Debug|x64.ActiveCfg = Debug|x64
		{34257689-B96D-4632-981E-01F731DFE311}.Debug|x64.Build.0 = Debug|x64
		{34257689-B96D-4632-981E-01F731DFE311}.Debug|x64.Deploy.0 = Debug|x64
		{34257689-B96D-4632-981E-01F731DFE311}.Release All|Win32.ActiveCfg = Release|Win32
		{34257689-B96D-4632-981E-01F731DFE311}.Release All|Win32.Build.0 = Release|Win32
		{34257689-B96D-4632-981E-01F731DFE311}.Release All|x64.ActiveCfg = Release|x64
		{34257689-B96D-4632-981E-01F731DFE311}.Release All|x64.Build.0 = Release|x64
		{34257689-B96D-4632-981E-01F731DFE311}.Release|Win32.ActiveCfg = Release|Win32
		{34257689-B96D-4632-981E-01F731DFE311}.Release|Win32.Build.0 = Release|Win32
		{34257689-B96D-4632-981E-01F731DFE311}.Release|Win32.Deploy.0 = Release|Win32
		{34257689-B96D-4632-981E-01F731DFE311}.Release|x64.ActiveCfg = Release|x64
		{34257689-B96D-4632-981E-01F731DFE311}.Release|x64.Build.0 = Release|x64
		{34257689-B96D-4632-981E-01F731DFE311}.Release|x64.Deploy.0 = Release|x64
		{34257689-B96D-4632-981E-01F731DFE311}.RTI1516E Debug All|Win32.ActiveCfg = Debug|Win32
		{34257689-B96D-4632-981E-01F731DFE311}.RTI1516E Debug All|Win32.Build.0 = Debug|Win32
		{34257689-B96D-4632-981E-01F731DFE311}.RTI1516E Debug All|x64.ActiveCfg = Debug|x64
		{34257689-B96D-4632-981E-01F731DFE311}.RTI1516E Debug|Win32.ActiveCfg = Debug|Win32
		{34257689-B96D-4632-981E-01F731DFE311}.RTI1516E Debug|x64.ActiveCfg = Debug|x64
		{34257689-B96D-4632-981E-01F731DFE311}.RTI1516E Release All|Win32.ActiveCfg = Release|Win32
		{34257689-B96D-4632-981E-01F731DFE311}.RTI1516E Release All|x64.ActiveCfg = Release|x64
		{34257689-B96D-4632-981E-01F731DFE311}.RTI1516E Release|Win32.ActiveCfg = Release|Win32
		{34257689-B96D-4632-981E-01F731DFE311}.RTI1516E Release|x64.ActiveCfg = Release|x64
		{CEB9F98A-4D94-4FD5-A003-7A86E47E749E}.Debug All|Win32.ActiveCfg = Debug|Win32
		{CEB9F98A-4D94-4FD5-A003-7A86E47E749E}.Debug All|Win32.Build.0 = Debug|Win32
		{CEB9F98A-4D94-4FD5-A003-7A86E47E749E}.Debug All|x64.ActiveCfg = Debug|x64
		{CEB9F98A-4D94-4FD5-A003-7A86E47E749E}.Debug All|x64.Build.0 = Debug|x64
		{CEB9F98A-4D94-4FD5-A003-7A86E47E749E}.Debug|Win32.ActiveCfg = Debug|Win32
		{CEB9F98A-4D94-4FD5-A003-7A86E47E749E}.Debug|Win32.Build.0 = Debug|Win32
		{CEB9F98A-4D94-4FD5-A003-7A86E47E749E}.Debug|Win32.Deploy.0 = Debug|Win32
		{CEB9F98A-4D94-4FD5-A003-7A86E47E749E}.Debug|x64.ActiveCfg = Debug|x64
		{CEB9F98A-4D94-4FD5-A003-7A86E47E749E}.Debug|x64.Build.0 = Debug|x64
		{CEB9F98A-4D94-4FD5-A003-7A86E47E749E}.Debug|x64.Deploy.0 = Debug|x64
		{CEB9F98A-4D94-4FD5-A003-7A86E47E749E}.Release All|Win32.ActiveCfg = Release|Win32
		{CEB9F98A-4D94-4FD5-A003-7A86E47E749E}.Release All|Win32.Build.0 = Release|Win32
		{CEB9F98A-4D94-4FD5-A003-7A86E47E749E}.Release All|x64.ActiveCfg = Release|x64
		{CEB9F98A-4D94-4FD5-A003-7A86E47E749E}.Release All|x64.Build.0 = Release|x64
		{CEB9F98A-4D94-4FD5-A003-7A86E47E749E}.Release|Win32.ActiveCfg = Release|Win32
		{CEB9F98A-4D94-4FD5-A003-7A86E47E749E}.Release|Win32.Build.0 = Release|Win32
		{CEB9F98A-4D94-4FD5-A003-7A86E47E749E}.Release|Win32.Deploy.0 = Release|Win32
		{CEB9F98A-4D94-4FD5-A003-7A86E47E749E}.Release|x64.ActiveCfg = Release|x64
		{CEB9F98A-4D94-4FD5-A003-7A86E47E749E}.Release|x64.Build.0 = Release|x64
		{CEB9F98A-4D94-4FD5-A003-7A86E47E749E}.Release|x64.Deploy.0 = Release|x64
		{CEB9F98A-4D94-4FD5-A003-7A86E47E749E}.RTI1516E Debug All|Win32.ActiveCfg = Debug|Win32
		{CEB9F98A-4D94-4FD5-A003-7A86E47E749E}.RTI1516E Debug All|Win32.Build.0 = Debug|Win32
		{CEB9F98A-4D94-4FD5-A003-7A86E47E749E}.RTI1516E Debug All|x64.ActiveCfg = Debug|x64
		{CEB9F98A-4D94-4FD5-A003-7A86E47E749E}.RTI1516E Debug|Win32.ActiveCfg = Debug|Win32
		{CEB9F98A-4D94-4FD5-A003-7A86E47E749E}.RTI1516E Debug|x64.ActiveCfg = Debug|x64
		{CEB9F98A-4D94-4FD5-A003-7A86E47E749E}.RTI1516E Release All|Win32.ActiveCfg = Release|Win32
		{CEB9F98A-4D94-4FD5-A003-7A86E47E749E}.RTI1516E Release All|x64.ActiveCfg = Release|x64
		{CEB9F98A-4D94-4FD5-A003-7A86E47E749E}.RTI1516E Release|Win32.ActiveCfg = Release|Win32
		{CEB9F98A-4D94-4FD5-A003-7A86E47E749E}.RTI1516E Release|x64.ActiveCfg = Release|x64
		{4B6705BB-9922-4573-BA5E-6DFFC6AF3532}.Debug All|Win32.ActiveCfg = Debug|Win32
		{4B6705BB-9922-4573-BA5E-6DFFC6AF3532}.Debug All|Win32.Build.0 = Debug|Win32
		{4B6705BB-9922-4573-BA5E-6DFFC6AF3532}.Debug All|x64.ActiveCfg = Debug|x64
		{4B6705BB-9922-4573-BA5E-6DFFC6AF3532}.Debug All|x64.Build.0 = Debug|x64
		{4B6705BB-9922-4573-BA5E-6DFFC6AF3532}.Debug|Win32.ActiveCfg = Debug|Win32
		{4B6705BB-9922-4573-BA5E-6DFFC6AF3532}.Debug|Win32.Build.0 = Debug|Win32
		{4B6705BB-9922-4573-BA5E-6DFFC6AF3532}.Debug|Win32.Deploy.0 = Debug|Win32
		{4B6705BB-9922-4573-BA5E-6DFFC6AF3532}.Debug|x64.ActiveCfg = Debug|x64
		{4B6705BB-9922-4573-BA5E-6DFFC6AF3532}.Debug|x64.Build.0 = Debug|x64
		{4B6705BB-9922-4573-BA5E-6DFFC6AF3532}.Debug|x64.Deploy.0 = Debug|x64
		{4B6705BB-9922-4573-BA5E-6DFFC6AF3532}.Release All|Win32.ActiveCfg = Release|Win32
		{4B6705BB-9922-4573-BA5E-6DFFC6AF3532}.Release All|Win32.Build.0 = Release|Win32
		{4B6705BB-9922-4573-BA5E-6DFFC6AF3532}.Release All|x64.ActiveCfg = Release|x64
		{4B6705BB-9922-4573-BA5E-6DFFC6AF3532}.Release All|x64.Build.0 = Release|x64
		{4B6705BB-9922-4573-BA5E-6DFFC6AF3532}.Release|Win32.ActiveCfg = Release|Win32
		{4B6705BB-9922-4573-BA5E-6DFFC6AF3532}.Release|Win32.Build.0 = Release|Win32
		{4B6705BB-9922-4573-BA5E-6DFFC6AF3532}.Release|Win32.Deploy.0 = Release|Win32
		{4B6705BB-9922-4573-BA5E-6DFFC6AF3532}.Release|x64.ActiveCfg = Release|x64
		{4B6705BB-9922-4573-BA5E-6DFFC6AF3532}.Release|x64.Build.0 = Release|x64
		{4B6705BB-9922-4573-BA5E-6DFFC6AF3532}.Release|x64.Deploy.0 = Release|x64
		{4B6705BB-9922-4573-BA5E-6DFFC6AF3532}.RTI1516E Debug All|Win32.ActiveCfg = Debug|Win32
		{4B6705BB-9922-4573-BA5E-6DFFC6AF3532}.RTI1516E Debug All|Win32.Build.0 = Debug|Win32
		{4B6705BB-9922-4573-BA5E-6DFFC6AF3532}.RTI1516E Debug All|x64.ActiveCfg = Debug|x64
		{4B6705BB-9922-4573-BA5E-6DFFC6AF3532}.RTI1516E Debug All|x64.Build.0 = Debug|x64
		{4B6705BB-9922-4573-BA5E-6DFFC6AF3532}.RTI1516E Debug|Win32.ActiveCfg = Debug|Win32
		{4B6705BB-9922-4573-BA5E-6DFFC6AF3532}.RTI1516E Debug|x64.ActiveCfg = Debug|x64
		{4B6705BB-9922-4573-BA5E-6DFFC6AF3532}.RTI1516E Release All|Win32.ActiveCfg = Release|Win32
		{4B6705BB-9922-4573-BA5E-6DFFC6AF3532}.RTI1516E Release All|Win32.Build.0 = Release|Win32
		{4B6705BB-9922-4573-BA5E-6DFFC6AF3532}.RTI1516E Release All|x64.ActiveCfg = Release|x64
		{4B6705BB-9922-4573-BA5E-6DFFC6AF3532}.RTI1516E Release All|x64.Build.0 = Release|x64
		{4B6705BB-9922-4573-BA5E-6DFFC6AF3532}.RTI1516E Release|Win32.ActiveCfg = Release|Win32
		{4B6705BB-9922-4573-BA5E-6DFFC6AF3532}.RTI1516E Release|x64.ActiveCfg = Release|x64
		{F3B68F89-3AF6-4E21-A7F8-B9D31B30874B}.Debug All|Win32.ActiveCfg = Debug|Any CPU
		{F3B68F89-3AF6-4E21-A7F8-B9D31B30874B}.Debug All|x64.ActiveCfg = Debug|Any CPU
		{F3B68F89-3AF6-4E21-A7F8-B9D31B30874B}.Debug|Win32.ActiveCfg = Debug|Any CPU
		{F3B68F89-3AF6-4E21-A7F8-B9D31B30874B}.Debug|x64.ActiveCfg = Debug|Any CPU
		{F3B68F89-3AF6-4E21-A7F8-B9D31B30874B}.Release All|Win32.ActiveCfg = Release|Any CPU
		{F3B68F89-3AF6-4E21-A7F8-B9D31B30874B}.Release All|x64.ActiveCfg = Release|Any CPU
		{F3B68F89-3AF6-4E21-A7F8-B9D31B30874B}.Release|Win32.ActiveCfg = Release|Any CPU
		{F3B68F89-3AF6-4E21-A7F8-B9D31B30874B}.Release|x64.ActiveCfg = Release|Any CPU
		{F3B68F89-3AF6-4E21-A7F8-B9D31B30874B}.RTI1516E Debug All|Win32.ActiveCfg = Debug|Any CPU
		{F3B68F89-3AF6-4E21-A7F8-B9D31B30874B}.RTI1516E Debug All|x64.ActiveCfg = Debug|Any CPU
		{F3B68F89-3AF6-4E21-A7F8-B9D31B30874B}.RTI1516E Debug|Win32.ActiveCfg = Debug|Any CPU
		{F3B68F89-3AF6-4E21-A7F8-B9D31B30874B}.RTI1516E Debug|x64.ActiveCfg = Debug|Any CPU
		{F3B68F89-3AF6-4E21-A7F8-B9D31B30874B}.RTI1516E Release All|Win32.ActiveCfg = Release|Any CPU
		{F3B68F89-3AF6-4E21-A7F8-B9D31B30874B}.RTI1516E Release All|x64.ActiveCfg = Release|Any CPU
		{F3B68F89-3AF6-4E21-A7F8-B9D31B30874B}.RTI1516E Release|Win32.ActiveCfg = Release|Any CPU
		{F3B68F89-3AF6-4E21-A7F8-B9D31B30874B}.RTI1516E Release|x64.ActiveCfg = Release|Any CPU
		{BFD91164-25B0-4AEB-9764-D578590CB17D}.Debug All|Win32.ActiveCfg = Debug|Win32
		{BFD91164-25B0-4AEB-9764-D578590CB17D}.Debug All|Win32.Build.0 = Debug|Win32
		{BFD91164-25B0-4AEB-9764-D578590CB17D}.Debug All|x64.ActiveCfg = Debug|x64
		{BFD91164-25B0-4AEB-9764-D578590CB17D}.Debug All|x64.Build.0 = Debug|x64
		{BFD91164-25B0-4AEB-9764-D578590CB17D}.Debug|Win32.ActiveCfg = Debug|Win32
		{BFD91164-25B0-4AEB-9764-D578590CB17D}.Debug|Win32.Build.0 = Debug|Win32
		{BFD91164-25B0-4AEB-9764-D578590CB17D}.Debug|Win32.Deploy.0 = Debug|Win32
		{BFD91164-25B0-4AEB-9764-D578590CB17D}.Debug|x64.ActiveCfg = Debug|x64
		{BFD91164-25B0-4AEB-9764-D578590CB17D}.Debug|x64.Build.0 = Debug|x64
		{BFD91164-25B0-4AEB-9764-D578590CB17D}.Debug|x64.Deploy.0 = Debug|x64
		{BFD91164-25B0-4AEB-9764-D578590CB17D}.Release All|Win32.ActiveCfg = Release|Win32
		{BFD91164-25B0-4AEB-9764-D578590CB17D}.Release All|Win32.Build.0 = Release|Win32
		{BFD91164-25B0-4AEB-9764-D578590CB17D}.Release All|x64.ActiveCfg = Release|x64
		{BFD91164-25B0-4AEB-9764-D578590CB17D}.Release All|x64.Build.0 = Release|x64
		{BFD91164-25B0-4AEB-9764-D578590CB17D}.Release|Win32.ActiveCfg = Release|Win32
		{BFD91164-25B0-4AEB-9764-D578590CB17D}.Release|Win32.Build.0 = Release|Win32
		{BFD91164-25B0-4AEB-9764-D578590CB17D}.Release|Win32.Deploy.0 = Release|Win32
		{BFD91164-25B0-4AEB-9764-D578590CB17D}.Release|x64.ActiveCfg = Release|x64
		{BFD91164-25B0-4AEB-9764-D578590CB17D}.Release|x64.Build.0 = Release|x64
		{BFD91164-25B0-4AEB-9764-D578590CB17D}.Release|x64.Deploy.0 = Release|x64
		{BFD91164-25B0-4AEB-9764-D578590CB17D}.RTI1516E Debug All|Win32.ActiveCfg = Debug|Win32
		{BFD91164-25B0-4AEB-9764-D578590CB17D}.RTI1516E Debug All|Win32.Build.0 = Debug|Win32
		{BFD91164-25B0-4AEB-9764-D578590CB17D}.RTI1516E Debug All|x64.ActiveCfg = Debug|x64
		{BFD91164-25B0-4AEB-9764-D578590CB17D}.RTI1516E Debug|Win32.ActiveCfg = Debug|Win32
		{BFD91164-25B0-4AEB-9764-D578590CB17D}.RTI1516E Debug|x64.ActiveCfg = Debug|x64
		{BFD91164-25B0-4AEB-9764-D578590CB17D}.RTI1516E Release All|Win32.ActiveCfg = Release|Win32
		{BFD91164-25B0-4AEB-9764-D578590CB17D}.RTI1516E Release All|x64.ActiveCfg = Release|x64
		{BFD91164-25B0-4AEB-9764-D578590CB17D}.RTI1516E Release|Win32.ActiveCfg = Release|Win32
		{BFD91164-25B0-4AEB-9764-D578590CB17D}.RTI1516E Release|x64.ActiveCfg = Release|x64
		{D449BBED-638D-47F7-9363-6F856C0C7F0B}.Debug All|Win32.ActiveCfg = Debug|Win32
		{D449BBED-638D-47F7-9363-6F856C0C7F0B}.Debug All|Win32.Build.0 = Debug|Win32
		{D449BBED-638D-47F7-9363-6F856C0C7F0B}.Debug All|x64.ActiveCfg = Debug|x64
		{D449BBED-638D-47F7-9363-6F856C0C7F0B}.Debug All|x64.Build.0 = Debug|x64
		{D449BBED-638D-47F7-9363-6F856C0C7F0B}.Debug|Win32.ActiveCfg = Debug|Win32
		{D449BBED-638D-47F7-9363-6F856C0C7F0B}.Debug|Win32.Build.0 = Debug|Win32
		{D449BBED-638D-47F7-9363-6F856C0C7F0B}.Debug|x64.ActiveCfg = Debug|x64
		{D449BBED-638D-47F7-9363-6F856C0C7F0B}.Debug|x64.Build.0 = Debug|x64
		{D449BBED-638D-47F7-9363-6F856C0C7F0B}.Release All|Win32.ActiveCfg = Release|Win32
		{D449BBED-638D-47F7-9363-6F856C0C7F0B}.Release All|Win32.Build.0 = Release|Win32
		{D449BBED-638D-47F7-9363-6F856C0C7F0B}.Release All|x64.ActiveCfg = Release|x64
		{D449BBED-638D-47F7-9363-6F856C0C7F0B}.Release All|x64.Build.0 = Release|x64
		{D449BBED-638D-47F7-9363-6F856C0C7F0B}.Release|Win32.ActiveCfg = Release|Win32
		{D449BBED-638D-47F7-9363-6F856C0C7F0B}.Release|Win32.Build.0 = Release|Win32
		{D449BBED-638D-47F7-9363-6F856C0C7F0B}.Release|x64.ActiveCfg = Release|x64
		{D449BBED-638D-47F7-9363-6F856C0C7F0B}.Release|x64.Build.0 = Release|x64
		{D449BBED-638D-47F7-9363-6F856C0C7F0B}.RTI1516E Debug All|Win32.ActiveCfg = Debug|Win32
		{D449BBED-638D-47F7-9363-6F856C0C7F0B}.RTI1516E Debug All|Win32.Build.0 = Debug|Win32
		{D449BBED-638D-47F7-9363-6F856C0C7F0B}.RTI1516E Debug All|x64.ActiveCfg = Debug|x64
		{D449BBED-638D-47F7-9363-6F856C0C7F0B}.RTI1516E Debug All|x64.Build.0 = Debug|x64
		{D449BBED-638D-47F7-9363-6F856C0C7F0B}.RTI1516E Debug|Win32.ActiveCfg = Debug|Win32
		{D449BBED-638D-47F7-9363-6F856C0C7F0B}.RTI1516E Debug|Win32.Build.0 = Debug|Win32
		{D449BBED-638D-47F7-9363-6F856C0C7F0B}.RTI1516E Debug|x64.ActiveCfg = Debug|x64
		{D449BBED-638D-47F7-9363-6F856C0C7F0B}.RTI1516E Release All|Win32.ActiveCfg = Release|Win32
		{D449BBED-638D-47F7-9363-6F856C0C7F0B}.RTI1516E Release All|Win32.Build.0 = Release|Win32
		{D449BBED-638D-47F7-9363-6F856C0C7F0B}.RTI1516E Release All|x64.ActiveCfg = Release|x64
		{D449BBED-638D-47F7-9363-6F856C0C7F0B}.RTI1516E Release All|x64.Build.0 = Release|x64
		{D449BBED-638D-47F7-9363-6F856C0C7F0B}.RTI1516E Release|Win32.ActiveCfg = Release|Win32
		{D449BBED-638D-47F7-9363-6F856C0C7F0B}.RTI1516E Release|x64.ActiveCfg = Release|x64
		{4992F120-DAF6-4A20-93D4-8919117622F7}.Debug All|Win32.ActiveCfg = Debug|Win32
		{4992F120-DAF6-4A20-93D4-8919117622F7}.Debug All|Win32.Build.0 = Debug|Win32
		{4992F120-DAF6-4A20-93D4-8919117622F7}.Debug All|x64.ActiveCfg = Debug|x64
		{4992F120-DAF6-4A20-93D4-8919117622F7}.Debug All|x64.Build.0 = Debug|x64
		{4992F120-DAF6-4A20-93D4-8919117622F7}.Debug|Win32.ActiveCfg = Debug|Win32
		{4992F120-DAF6-4A20-93D4-8919117622F7}.Debug|Win32.Build.0 = Debug|Win32
		{4992F120-DAF6-4A20-93D4-8919117622F7}.Debug|x64.ActiveCfg = Debug|x64
		{4992F120-DAF6-4A20-93D4-8919117622F7}.Debug|x64.Build.0 = Debug|x64
		{4992F120-DAF6-4A20-93D4-8919117622F7}.Release All|Win32.ActiveCfg = Release|Win32
		{4992F120-DAF6-4A20-93D4-8919117622F7}.Release All|Win32.Build.0 = Release|Win32
		{4992F120-DAF6-4A20-93D4-8919117622F7}.Release All|x64.ActiveCfg = Release|x64
		{4992F120-DAF6-4A20-93D4-8919117622F7}.Release All|x64.Build.0 = Release|x64
		{4992F120-DAF6-4A20-93D4-8919117622F7}.Release|Win32.ActiveCfg = Release|Win32
		{4992F120-DAF6-4A20-93D4-8919117622F7}.Release|Win32.Build.0 = Release|Win32
		{4992F120-DAF6-4A20-93D4-8919117622F7}.Release|x64.ActiveCfg = Release|x64
		{4992F120-DAF6-4A20-93D4-8919117622F7}.Release|x64.Build.0 = Release|x64
		{4992F120-DAF6-4A20-93D4-8919117622F7}.RTI1516E Debug All|Win32.ActiveCfg = Debug|Win32
		{4992F120-DAF6-4A20-93D4-8919117622F7}.RTI1516E Debug All|Win32.Build.0 = Debug|Win32
		{4992F120-DAF6-4A20-93D4-8919117622F7}.RTI1516E Debug All|x64.ActiveCfg = Debug|x64
		{4992F120-DAF6-4A20-93D4-8919117622F7}.RTI1516E Debug All|x64.Build.0 = Debug|x64
		{4992F120-DAF6-4A20-93D4-8919117622F7}.RTI1516E Debug|Win32.ActiveCfg = Debug|Win32
		{4992F120-DAF6-4A20-93D4-8919117622F7}.RTI1516E Debug|x64.ActiveCfg = Debug|x64
		{4992F120-DAF6-4A20-93D4-8919117622F7}.RTI1516E Release All|Win32.ActiveCfg = Release|Win32
		{4992F120-DAF6-4A20-93D4-8919117622F7}.RTI1516E Release All|Win32.Build.0 = Release|Win32
		{4992F120-DAF6-4A20-93D4-8919117622F7}.RTI1516E Release All|x64.ActiveCfg = Release|x64
		{4992F120-DAF6-4A20-93D4-8919117622F7}.RTI1516E Release All|x64.Build.0 = Release|x64
		{4992F120-DAF6-4A20-93D4-8919117622F7}.RTI1516E Release|Win32.ActiveCfg = Release|Win32
		{4992F120-DAF6-4A20-93D4-8919117622F7}.RTI1516E Release|x64.ActiveCfg = Release|x64
		{12F1322D-4260-4D6B-8866-CFB62010C24F}.Debug All|Win32.ActiveCfg = Debug|Win32
		{12F1322D-4260-4D6B-8866-CFB62010C24F}.Debug All|Win32.Build.0 = Debug|Win32
		{12F1322D-4260-4D6B-8866-CFB62010C24F}.Debug All|x64.ActiveCfg = Debug|x64
		{12F1322D-4260-4D6B-8866-CFB62010C24F}.Debug All|x64.Build.0 = Debug|x64
		{12F1322D-4260-4D6B-8866-CFB62010C24F}.Debug|Win32.ActiveCfg = Debug|Win32
		{12F1322D-4260-4D6B-8866-CFB62010C24F}.Debug|Win32.Build.0 = Debug|Win32
		{12F1322D-4260-4D6B-8866-CFB62010C24F}.Debug|x64.ActiveCfg = Debug|x64
		{12F1322D-4260-4D6B-8866-CFB62010C24F}.Debug|x64.Build.0 = Debug|x64
		{12F1322D-4260-4D6B-8866-CFB62010C24F}.Release All|Win32.ActiveCfg = Release|Win32
		{12F1322D-4260-4D6B-8866-CFB62010C24F}.Release All|Win32.Build.0 = Release|Win32
		{12F1322D-4260-4D6B-8866-CFB62010C24F}.Release All|x64.ActiveCfg = Release|x64
		{12F1322D-4260-4D6B-8866-CFB62010C24F}.Release All|x64.Build.0 = Release|x64
		{12F1322D-4260-4D6B-8866-CFB62010C24F}.Release|Win32.ActiveCfg = Release|Win32
		{12F1322D-4260-4D6B-8866-CFB62010C24F}.Release|Win32.Build.0 = Release|Win32
		{12F1322D-4260-4D6B-8866-CFB62010C24F}.Release|x64.ActiveCfg = Release|x64
		{12F1322D-4260-4D6B-8866-CFB62010C24F}.Release|x64.Build.0 = Release|x64
		{12F1322D-4260-4D6B-8866-CFB62010C24F}.RTI1516E Debug All|Win32.ActiveCfg = Debug|Win32
		{12F1322D-4260-4D6B-8866-CFB62010C24F}.RTI1516E Debug All|Win32.Build.0 = Debug|Win32
		{12F1322D-4260-4D6B-8866-CFB62010C24F}.RTI1516E Debug All|x64.ActiveCfg = Debug|x64
		{12F1322D-4260-4D6B-8866-CFB62010C24F}.RTI1516E Debug All|x64.Build.0 = Debug|x64
		{12F1322D-4260-4D6B-8866-CFB62010C24F}.RTI1516E Debug|Win32.ActiveCfg = Debug|Win32
		{12F1322D-4260-4D6B-8866-CFB62010C24F}.RTI1516E Debug|Win32.Build.0 = Debug|Win32
		{12F1322D-4260-4D6B-8866-CFB62010C24F}.RTI1516E Debug|x64.ActiveCfg = Debug|x64
		{12F1322D-4260-4D6B-8866-CFB62010C24F}.RTI1516E Debug|x64.Build.0 = Debug|x64
		{12F1322D-4260-4D6B-8866-CFB62010C24F}.RTI1516E Release All|Win32.ActiveCfg = Release|Win32
		{12F1322D-4260-4D6B-8866-CFB62010C24F}.RTI1516E Release All|Win32.Build.0 = Release|Win32
		{12F1322D-4260-4D6B-8866-CFB62010C24F}.RTI1516E Release All|x64.ActiveCfg = Release|x64
		{12F1322D-4260-4D6B-8866-CFB62010C24F}.RTI1516E Release All|x64.Build.0 = Release|x64
		{12F1322D-4260-4D6B-8866-CFB62010C24F}.RTI1516E Release|Win32.ActiveCfg = Release|Win32
		{12F1322D-4260-4D6B-8866-CFB62010C24F}.RTI1516E Release|Win32.Build.0 = Release|Win32
		{12F1322D-4260-4D6B-8866-CFB62010C24F}.RTI1516E Release|x64.ActiveCfg = Release|x64
		{12F1322D-4260-4D6B-8866-CFB62010C24F}.RTI1516E Release|x64.Build.0 = Release|x64
		{7E4E8133-6A31-47CD-BCEC-19B1B835FE4D}.Debug All|Win32.ActiveCfg = Debug|Win32
		{7E4E8133-6A31-47CD-BCEC-19B1B835FE4D}.Debug All|Win32.Build.0 = Debug|Win32
		{7E4E8133-6A31-47CD-BCEC-19B1B835FE4D}.Debug All|x64.ActiveCfg = Debug|x64
		{7E4E8133-6A31-47CD-BCEC-19B1B835FE4D}.Debug All|x64.Build.0 = Debug|x64
		{7E4E8133-6A31-47CD-BCEC-19B1B835FE4D}.Debug|Win32.ActiveCfg = Debug|Win32
		{7E4E8133-6A31-47CD-BCEC-19B1B835FE4D}.Debug|Win32.Build.0 = Debug|Win32
		{7E4E8133-6A31-47CD-BCEC-19B1B835FE4D}.Debug|x64.ActiveCfg = Debug|x64
		{7E4E8133-6A31-47CD-BCEC-19B1B835FE4D}.Debug|x64.Build.0 = Debug|x64
		{7E4E8133-6A31-47CD-BCEC-19B1B835FE4D}.Release All|Win32.ActiveCfg = Release|Win32
		{7E4E8133-6A31-47CD-BCEC-19B1B835FE4D}.Release All|Win32.Build.0 = Release|Win32
		{7E4E8133-6A31-47CD-BCEC-19B1B835FE4D}.Release All|x64.ActiveCfg = Release|x64
		{7E4E8133-6A31-47CD-BCEC-19B1B835FE4D}.Release All|x64.Build.0 = Release|x64
		{7E4E8133-6A31-47CD-BCEC-19B1B835FE4D}.Release|Win32.ActiveCfg = Release|Win32
		{7E4E8133-6A31-47CD-BCEC-19B1B835FE4D}.Release|Win32.Build.0 = Release|Win32
		{7E4E8133-6A31-47CD-BCEC-19B1B835FE4D}.Release|x64.ActiveCfg = Release|x64
		{7E4E8133-6A31-47CD-BCEC-19B1B835FE4D}.Release|x64.Build.0 = Release|x64
		{7E4E8133-6A31-47CD-BCEC-19B1B835FE4D}.RTI1516E Debug All|Win32.ActiveCfg = Debug|Win32
		{7E4E8133-6A31-47CD-BCEC-19B1B835FE4D}.RTI1516E Debug All|Win32.Build.0 = Debug|Win32
		{7E4E8133-6A31-47CD-BCEC-19B1B835FE4D}.RTI1516E Debug All|x64.ActiveCfg = Debug|x64
		{7E4E8133-6A31-47CD-BCEC-19B1B835FE4D}.RTI1516E Debug All|x64.Build.0 = Debug|x64
		{7E4E8133-6A31-47CD-BCEC-19B1B835FE4D}.RTI1516E Debug|Win32.ActiveCfg = Debug|Win32
		{7E4E8133-6A31-47CD-BCEC-19B1B835FE4D}.RTI1516E Debug|Win32.Build.0 = Debug|Win32
		{7E4E8133-6A31-47CD-BCEC-19B1B835FE4D}.RTI1516E Debug|x64.ActiveCfg = Debug|x64
		{7E4E8133-6A31-47CD-BCEC-19B1B835FE4D}.RTI1516E Debug|x64.Build.0 = Debug|x64
		{7E4E8133-6A31-47CD-BCEC-19B1B835FE4D}.RTI1516E Release All|Win32.ActiveCfg = Release|Win32
		{7E4E8133-6A31-47CD-BCEC-19B1B835FE4D}.RTI1516E Release All|Win32.Build.0 = Release|Win32
		{7E4E8133-6A31-47CD-BCEC-19B1B835FE4D}.RTI1516E Release All|x64.ActiveCfg = Release|x64
		{7E4E8133-6A31-47CD-BCEC-19B1B835FE4D}.RTI1516E Release All|x64.Build.0 = Release|x64
		{7E4E8133-6A31-47CD-BCEC-19B1B835FE4D}.RTI1516E Release|Win32.ActiveCfg = Release|Win32
		{7E4E8133-6A31-47CD-BCEC-19B1B835FE4D}.RTI1516E Release|Win32.Build.0 = Release|Win32
		{7E4E8133-6A31-47CD-BCEC-19B1B835FE4D}.RTI1516E Release|x64.ActiveCfg = Release|x64
		{7E4E8133-6A31-47CD-BCEC-19B1B835FE4D}.RTI1516E Release|x64.Build.0 = Release|x64
		{5B1D8834-C8A0-46D8-91AB-0486703718E7}.Debug All|Win32.ActiveCfg = Debug|Win32
		{5B1D8834-C8A0-46D8-91AB-0486703718E7}.Debug All|Win32.Build.0 = Debug|Win32
		{5B1D8834-C8A0-46D8-91AB-0486703718E7}.Debug All|x64.ActiveCfg = Debug|x64
		{5B1D8834-C8A0-46D8-91AB-0486703718E7}.Debug All|x64.Build.0 = Debug|x64
		{5B1D8834-C8A0-46D8-91AB-0486703718E7}.Debug|Win32.ActiveCfg = Debug|Win32
		{5B1D8834-C8A0-46D8-91AB-0486703718E7}.Debug|Win32.Build.0 = Debug|Win32
		{5B1D8834-C8A0-46D8-91AB-0486703718E7}.Debug|x64.ActiveCfg = Debug|x64
		{5B1D8834-C8A0-46D8-91AB-0486703718E7}.Debug|x64.Build.0 = Debug|x64
		{5B1D8834-C8A0-46D8-91AB-0486703718E7}.Release All|Win32.ActiveCfg = Release|Win32
		{5B1D8834-C8A0-46D8-91AB-0486703718E7}.Release All|Win32.Build.0 = Release|Win32
		{5B1D8834-C8A0-46D8-91AB-0486703718E7}.Release All|x64.ActiveCfg = Release|x64
		{5B1D8834-C8A0-46D8-91AB-0486703718E7}.Release All|x64.Build.0 = Release|x64
		{5B1D8834-C8A0-46D8-91AB-0486703718E7}.Release|Win32.ActiveCfg = Release|Win32
		{5B1D8834-C8A0-46D8-91AB-0486703718E7}.Release|Win32.Build.0 = Release|Win32
		{5B1D8834-C8A0-46D8-91AB-0486703718E7}.Release|x64.ActiveCfg = Release|x64
		{5B1D8834-C8A0-46D8-91AB-0486703718E7}.Release|x64.Build.0 = Release|x64
		{5B1D8834-C8A0-46D8-91AB-0486703718E7}.RTI1516E Debug All|Win32.ActiveCfg = Debug|Win32
		{5B1D8834-C8A0-46D8-91AB-0486703718E7}.RTI1516E Debug All|Win32.Build.0 = Debug|Win32
		{5B1D8834-C8A0-46D8-91AB-0486703718E7}.RTI1516E Debug All|x64.ActiveCfg = Debug|x64
		{5B1D8834-C8A0-46D8-91AB-0486703718E7}.RTI1516E Debug All|x64.Build.0 = Debug|x64
		{5B1D8834-C8A0-46D8-91AB-0486703718E7}.RTI1516E Debug|Win32.ActiveCfg = Debug|Win32
		{5B1D8834-C8A0-46D8-91AB-0486703718E7}.RTI1516E Debug|x64.ActiveCfg = Debug|x64
		{5B1D8834-C8A0-46D8-91AB-0486703718E7}.RTI1516E Release All|Win32.ActiveCfg = Release|Win32
		{5B1D8834-C8A0-46D8-91AB-0486703718E7}.RTI1516E Release All|Win32.Build.0 = Release|Win32
		{5B1D8834-C8A0-46D8-91AB-0486703718E7}.RTI1516E Release All|x64.ActiveCfg = Release|x64
		{5B1D8834-C8A0-46D8-91AB-0486703718E7}.RTI1516E Release All|x64.Build.0 = Release|x64
		{5B1D8834-C8A0-46D8-91AB-0486703718E7}.RTI1516E Release|Win32.ActiveCfg = Release|Win32
		{5B1D8834-C8A0-46D8-91AB-0486703718E7}.RTI1516E Release|x64.ActiveCfg = Release|x64
		{71055FB7-0D25-3EDF-B09E-9B92830E49CA}.Debug All|Win32.ActiveCfg = Debug|Win32
		{71055FB7-0D25-3EDF-B09E-9B92830E49CA}.Debug All|Win32.Build.0 = Debug|Win32
		{71055FB7-0D25-3EDF-B09E-9B92830E49CA}.Debug All|x64.ActiveCfg = Debug|x64
		{71055FB7-0D25-3EDF-B09E-9B92830E49CA}.Debug All|x64.Build.0 = Debug|x64
		{71055FB7-0D25-3EDF-B09E-9B92830E49CA}.Debug|Win32.ActiveCfg = Debug|Win32
		{71055FB7-0D25-3EDF-B09E-9B92830E49CA}.Debug|Win32.Build.0 = Debug|Win32
		{71055FB7-0D25-3EDF-B09E-9B92830E49CA}.Debug|x64.ActiveCfg = Debug|x64
		{71055FB7-0D25-3EDF-B09E-9B92830E49CA}.Debug|x64.Build.0 = Debug|x64
		{71055FB7-0D25-3EDF-B09E-9B92830E49CA}.Release All|Win32.ActiveCfg = Release|Win32
		{71055FB7-0D25-3EDF-B09E-9B92830E49CA}.Release All|Win32.Build.0 = Release|Win32
		{71055FB7-0D25-3EDF-B09E-9B92830E49CA}.Release All|x64.ActiveCfg = Release|x64
		{71055FB7-0D25-3EDF-B09E-9B92830E49CA}.Release All|x64.Build.0 = Release|x64
		{71055FB7-0D25-3EDF-B09E-9B92830E49CA}.Release|Win32.ActiveCfg = Release|Win32
		{71055FB7-0D25-3EDF-B09E-9B92830E49CA}.Release|Win32.Build.0 = Release|Win32
		{71055FB7-0D25-3EDF-B09E-9B92830E49CA}.Release|x64.ActiveCfg = Release|x64
		{71055FB7-0D25-3EDF-B09E-9B92830E49CA}.Release|x64.Build.0 = Release|x64
		{71055FB7-0D25-3EDF-B09E-9B92830E49CA}.RTI1516E Debug All|Win32.ActiveCfg = Debug|Win32
		{71055FB7-0D25-3EDF-B09E-9B92830E49CA}.RTI1516E Debug All|Win32.Build.0 = Debug|Win32
		{71055FB7-0D25-3EDF-B09E-9B92830E49CA}.RTI1516E Debug All|x64.ActiveCfg = Debug|x64
		{71055FB7-0D25-3EDF-B09E-9B92830E49CA}.RTI1516E Debug All|x64.Build.0 = Debug|x64
		{71055FB7-0D25-3EDF-B09E-9B92830E49CA}.RTI1516E Debug|Win32.ActiveCfg = Debug|Win32
		{71055FB7-0D25-3EDF-B09E-9B92830E49CA}.RTI1516E Debug|Win32.Build.0 = Debug|Win32
		{71055FB7-0D25-3EDF-B09E-9B92830E49CA}.RTI1516E Debug|x64.ActiveCfg = Debug|x64
		{71055FB7-0D25-3EDF-B09E-9B92830E49CA}.RTI1516E Debug|x64.Build.0 = Debug|x64
		{71055FB7-0D25-3EDF-B09E-9B92830E49CA}.RTI1516E Release All|Win32.ActiveCfg = Release|Win32
		{71055FB7-0D25-3EDF-B09E-9B92830E49CA}.RTI1516E Release All|Win32.Build.0 = Release|Win32
		{71055FB7-0D25-3EDF-B09E-9B92830E49CA}.RTI1516E Release All|x64.ActiveCfg = Release|x64
		{71055FB7-0D25-3EDF-B09E-9B92830E49CA}.RTI1516E Release All|x64.Build.0 = Release|x64
		{71055FB7-0D25-3EDF-B09E-9B92830E49CA}.RTI1516E Release|Win32.ActiveCfg = Release|Win32
		{71055FB7-0D25-3EDF-B09E-9B92830E49CA}.RTI1516E Release|Win32.Build.0 = Release|Win32
		{71055FB7-0D25-3EDF-B09E-9B92830E49CA}.RTI1516E Release|x64.ActiveCfg = Release|x64
		{71055FB7-0D25-3EDF-B09E-9B92830E49CA}.RTI1516E Release|x64.Build.0 = Release|x64
		{3CF2DA46-651A-49C3-BAF5-DE82738B8EBD}.Debug All|Win32.ActiveCfg = Debug|Win32
		{3CF2DA46-651A-49C3-BAF5-DE82738B8EBD}.Debug All|Win32.Build.0 = Debug|Win32
		{3CF2DA46-651A-49C3-BAF5-DE82738B8EBD}.Debug All|x64.ActiveCfg = Debug|x64
		{3CF2DA46-651A-49C3-BAF5-DE82738B8EBD}.Debug All|x64.Build.0 = Debug|x64
		{3CF2DA46-651A-49C3-BAF5-DE82738B8EBD}.Debug|Win32.ActiveCfg = Debug|Win32
		{3CF2DA46-651A-49C3-BAF5-DE82738B8EBD}.Debug|Win32.Build.0 = Debug|Win32
		{3CF2DA46-651A-49C3-BAF5-DE82738B8EBD}.Debug|x64.ActiveCfg = Debug|x64
		{3CF2DA46-651A-49C3-BAF5-DE82738B8EBD}.Debug|x64.Build.0 = Debug|x64
		{3CF2DA46-651A-49C3-BAF5-DE82738B8EBD}.Release All|Win32.ActiveCfg = Release|Win32
		{3CF2DA46-651A-49C3-BAF5-DE82738B8EBD}.Release All|Win32.Build.0 = Release|Win32
		{3CF2DA46-651A-49C3-BAF5-DE82738B8EBD}.Release All|x64.ActiveCfg = Release|x64
		{3CF2DA46-651A-49C3-BAF5-DE82738B8EBD}.Release All|x64.Build.0 = Release|x64
		{3CF2DA46-651A-49C3-BAF5-DE82738B8EBD}.Release|Win32.ActiveCfg = Release|Win32
		{3CF2DA46-651A-49C3-BAF5-DE82738B8EBD}.Release|Win32.Build.0 = Release|Win32
		{3CF2DA46-651A-49C3-BAF5-DE82738B8EBD}.Release|x64.ActiveCfg = Release|x64
		{3CF2DA46-651A-49C3-BAF5-DE82738B8EBD}.Release|x64.Build.0 = Release|x64
		{3CF2DA46-651A-49C3-BAF5-DE82738B8EBD}.RTI1516E Debug All|Win32.ActiveCfg = Debug|Win32
		{3CF2DA46-651A-49C3-BAF5-DE82738B8EBD}.RTI1516E Debug All|Win32.Build.0 = Debug|Win32
		{3CF2DA46-651A-49C3-BAF5-DE82738B8EBD}.RTI1516E Debug All|x64.ActiveCfg = Debug|x64
		{3CF2DA46-651A-49C3-BAF5-DE82738B8EBD}.RTI1516E Debug All|x64.Build.0 = Debug|x64
		{3CF2DA46-651A-49C3-BAF5-DE82738B8EBD}.RTI1516E Debug|Win32.ActiveCfg = Debug|Win32
		{3CF2DA46-651A-49C3-BAF5-DE82738B8EBD}.RTI1516E Debug|Win32.Build.0 = Debug|Win32
		{3CF2DA46-651A-49C3-BAF5-DE82738B8EBD}.RTI1516E Debug|x64.ActiveCfg = Debug|x64
		{3CF2DA46-651A-49C3-BAF5-DE82738B8EBD}.RTI1516E Debug|x64.Build.0 = Debug|x64
		{3CF2DA46-651A-49C3-BAF5-DE82738B8EBD}.RTI1516E Release All|Win32.ActiveCfg = Release|Win32
		{3CF2DA46-651A-49C3-BAF5-DE82738B8EBD}.RTI1516E Release All|Win32.Build.0 = Release|Win32
		{3CF2DA46-651A-49C3-BAF5-DE82738B8EBD}.RTI1516E Release All|x64.ActiveCfg = Release|x64
		{3CF2DA46-651A-49C3-BAF5-DE82738B8EBD}.RTI1516E Release All|x64.Build.0 = Release|x64
		{3CF2DA46-651A-49C3-BAF5-DE82738B8EBD}.RTI1516E Release|Win32.ActiveCfg = Release|Win32
		{3CF2DA46-651A-49C3-BAF5-DE82738B8EBD}.RTI1516E Release|Win32.Build.0 = Release|Win32
		{3CF2DA46-651A-49C3-BAF5-DE82738B8EBD}.RTI1516E Release|x64.ActiveCfg = Release|x64
		{3CF2DA46-651A-49C3-BAF5-DE82738B8EBD}.RTI1516E Release|x64.Build.0 = Release|x64
		{782A589E-17BD-4B8D-8F49-6A3517F486A3}.Debug All|Win32.ActiveCfg = Debug|Win32
		{782A589E-17BD-4B8D-8F49-6A3517F486A3}.Debug All|Win32.Build.0 = Debug|Win32
		{782A589E-17BD-4B8D-8F49-6A3517F486A3}.Debug All|x64.ActiveCfg = Debug|x64
		{782A589E-17BD-4B8D-8F49-6A3517F486A3}.Debug All|x64.Build.0 = Debug|x64
		{782A589E-17BD-4B8D-8F49-6A3517F486A3}.Debug|Win32.ActiveCfg = Debug|Win32
		{782A589E-17BD-4B8D-8F49-6A3517F486A3}.Debug|Win32.Build.0 = Debug|Win32
		{782A589E-17BD-4B8D-8F49-6A3517F486A3}.Debug|x64.ActiveCfg = Debug|x64
		{782A589E-17BD-4B8D-8F49-6A3517F486A3}.Debug|x64.Build.0 = Debug|x64
		{782A589E-17BD-4B8D-8F49-6A3517F486A3}.Release All|Win32.ActiveCfg = Release|Win32
		{782A589E-17BD-4B8D-8F49-6A3517F486A3}.Release All|Win32.Build.0 = Release|Win32
		{782A589E-17BD-4B8D-8F49-6A3517F486A3}.Release All|x64.ActiveCfg = Release|x64
		{782A589E-17BD-4B8D-8F49-6A3517F486A3}.Release All|x64.Build.0 = Release|x64
		{782A589E-17BD-4B8D-8F49-6A3517F486A3}.Release|Win32.ActiveCfg = Release|Win32
		{782A589E-17BD-4B8D-8F49-6A3517F486A3}.Release|Win32.Build.0 = Release|Win32
		{782A589E-17BD-4B8D-8F49-6A3517F486A3}.Release|x64.ActiveCfg = Release|x64
		{782A589E-17BD-4B8D-8F49-6A3517F486A3}.Release|x64.Build.0 = Release|x64
		{782A589E-17BD-4B8D-8F49-6A3517F486A3}.RTI1516E Debug All|Win32.ActiveCfg = Debug|Win32
		{782A589E-17BD-4B8D-8F49-6A3517F486A3}.RTI1516E Debug All|Win32.Build.0 = Debug|Win32
		{782A589E-17BD-4B8D-8F49-6A3517F486A3}.RTI1516E Debug All|x64.ActiveCfg = Debug|x64
		{782A589E-17BD-4B8D-8F49-6A3517F486A3}.RTI1516E Debug All|x64.Build.0 = Debug|x64
		{782A589E-17BD-4B8D-8F49-6A3517F486A3}.RTI1516E Debug|Win32.ActiveCfg = Debug|Win32
		{782A589E-17BD-4B8D-8F49-6A3517F486A3}.RTI1516E Debug|Win32.Build.0 = Debug|Win32
		{782A589E-17BD-4B8D-8F49-6A3517F486A3}.RTI1516E Debug|x64.ActiveCfg = Debug|x64
		{782A589E-17BD-4B8D-8F49-6A3517F486A3}.RTI1516E Debug|x64.Build.0 = Debug|x64
		{782A589E-17BD-4B8D-8F49-6A3517F486A3}.RTI1516E Release All|Win32.ActiveCfg = Release|Win32
		{782A589E-17BD-4B8D-8F49-6A3517F486A3}.RTI1516E Release All|Win32.Build.0 = Release|Win32
		{782A589E-17BD-4B8D-8F49-6A3517F486A3}.RTI1516E Release All|x64.ActiveCfg = Release|x64
		{782A589E-17BD-4B8D-8F49-6A3517F486A3}.RTI1516E Release All|x64.Build.0 = Release|x64
		{782A589E-17BD-4B8D-8F49-6A3517F486A3}.RTI1516E Release|Win32.ActiveCfg = Release|Win32
		{782A589E-17BD-4B8D-8F49-6A3517F486A3}.RTI1516E Release|Win32.Build.0 = Release|Win32
		{782A589E-17BD-4B8D-8F49-6A3517F486A3}.RTI1516E Release|x64.ActiveCfg = Release|x64
		{782A589E-17BD-4B8D-8F49-6A3517F486A3}.RTI1516E Release|x64.Build.0 = Release|x64
		{54AC7146-BDDA-4D09-970F-B6D309CF0891}.Debug All|Win32.ActiveCfg = Debug|Win32
		{54AC7146-BDDA-4D09-970F-B6D309CF0891}.Debug All|Win32.Build.0 = Debug|Win32
		{54AC7146-BDDA-4D09-970F-B6D309CF0891}.Debug All|x64.ActiveCfg = Debug|x64
		{54AC7146-BDDA-4D09-970F-B6D309CF0891}.Debug All|x64.Build.0 = Debug|x64
		{54AC7146-BDDA-4D09-970F-B6D309CF0891}.Debug|Win32.ActiveCfg = Debug|Win32
		{54AC7146-BDDA-4D09-970F-B6D309CF0891}.Debug|Win32.Build.0 = Debug|Win32
		{54AC7146-BDDA-4D09-970F-B6D309CF0891}.Debug|x64.ActiveCfg = Debug|x64
		{54AC7146-BDDA-4D09-970F-B6D309CF0891}.Debug|x64.Build.0 = Debug|x64
		{54AC7146-BDDA-4D09-970F-B6D309CF0891}.Release All|Win32.ActiveCfg = Release|Win32
		{54AC7146-BDDA-4D09-970F-B6D309CF0891}.Release All|Win32.Build.0 = Release|Win32
		{54AC7146-BDDA-4D09-970F-B6D309CF0891}.Release All|x64.ActiveCfg = Release|x64
		{54AC7146-BDDA-4D09-970F-B6D309CF0891}.Release All|x64.Build.0 = Release|x64
		{54AC7146-BDDA-4D09-970F-B6D309CF0891}.Release|Win32.ActiveCfg = Release|Win32
		{54AC7146-BDDA-4D09-970F-B6D309CF0891}.Release|Win32.Build.0 = Release|Win32
		{54AC7146-BDDA-4D09-970F-B6D309CF0891}.Release|x64.ActiveCfg = Release|x64
		{54AC7146-BDDA-4D09-970F-B6D309CF0891}.Release|x64.Build.0 = Release|x64
		{54AC7146-BDDA-4D09-970F-B6D309CF0891}.RTI1516E Debug All|Win32.ActiveCfg = Debug|Win32
		{54AC7146-BDDA-4D09-970F-B6D309CF0891}.RTI1516E Debug All|Win32.Build.0 = Debug|Win32
		{54AC7146-BDDA-4D09-970F-B6D309CF0891}.RTI1516E Debug All|x64.ActiveCfg = Debug|x64
		{54AC7146-BDDA-4D09-970F-B6D309CF0891}.RTI1516E Debug All|x64.Build.0 = Debug|x64
		{54AC7146-BDDA-4D09-970F-B6D309CF0891}.RTI1516E Debug|Win32.ActiveCfg = Debug|Win32
		{54AC7146-BDDA-4D09-970F-B6D309CF0891}.RTI1516E Debug|Win32.Build.0 = Debug|Win32
		{54AC7146-BDDA-4D09-970F-B6D309CF0891}.RTI1516E Debug|x64.ActiveCfg = Debug|x64
		{54AC7146-BDDA-4D09-970F-B6D309CF0891}.RTI1516E Debug|x64.Build.0 = Debug|x64
		{54AC7146-BDDA-4D09-970F-B6D309CF0891}.RTI1516E Release All|Win32.ActiveCfg = Release|Win32
		{54AC7146-BDDA-4D09-970F-B6D309CF0891}.RTI1516E Release All|Win32.Build.0 = Release|Win32
		{54AC7146-BDDA-4D09-970F-B6D309CF0891}.RTI1516E Release All|x64.ActiveCfg = Release|x64
		{54AC7146-BDDA-4D09-970F-B6D309CF0891}.RTI1516E Release All|x64.Build.0 = Release|x64
		{54AC7146-BDDA-4D09-970F-B6D309CF0891}.RTI1516E Release|Win32.ActiveCfg = Release|Win32
		{54AC7146-BDDA-4D09-970F-B6D309CF0891}.RTI1516E Release|Win32.Build.0 = Release|Win32
		{54AC7146-BDDA-4D09-970F-B6D309CF0891}.RTI1516E Release|x64.ActiveCfg = Release|x64
		{54AC7146-BDDA-4D09-970F-B6D309CF0891}.RTI1516E Release|x64.Build.0 = Release|x64
	EndGlobalSection
	GlobalSection(SolutionProperties) = preSolution
		HideSolutionNode = FALSE
	EndGlobalSection
	GlobalSection(NestedProjects) = preSolution
		{BBC273A9-E7EE-37E1-BC4C-71375F547A3F} = {C007F7FB-94FD-4294-899D-5B1FAF53C8E3}
		{F3FDDD4B-F52B-3460-97BA-6BCBA24FCDF4} = {C06666B1-53E9-40DC-A7C2-22123791AA32}
		{409E5602-A804-3428-A9A8-3AE9E95D04F8} = {C06666B1-53E9-40DC-A7C2-22123791AA32}
		{3408918C-28A9-3393-8EC7-0BC04E177AD2} = {C06666B1-53E9-40DC-A7C2-22123791AA32}
		{CB5C64C0-DC18-3DBA-82C4-A545C920800C} = {C007F7FB-94FD-4294-899D-5B1FAF53C8E3}
		{239B98CC-6BB3-3948-A238-DBEFE657FDCB} = {C007F7FB-94FD-4294-899D-5B1FAF53C8E3}
		{268054D2-69C7-3696-8DD5-2A8BCE54B755} = {C007F7FB-94FD-4294-899D-5B1FAF53C8E3}
		{C06666B1-53E9-40DC-A7C2-22123791AA32} = {C007F7FB-94FD-4294-899D-5B1FAF53C8E3}
		{34257689-B96D-4632-981E-01F731DFE311} = {C06666B1-53E9-40DC-A7C2-22123791AA32}
		{CEB9F98A-4D94-4FD5-A003-7A86E47E749E} = {C06666B1-53E9-40DC-A7C2-22123791AA32}
		{4B6705BB-9922-4573-BA5E-6DFFC6AF3532} = {75B6DA76-31E1-43C6-BF36-4D26FB1EA572}
		{F3B68F89-3AF6-4E21-A7F8-B9D31B30874B} = {273881B2-D2F7-4F61-BA41-5AB4F8F3C7BF}
		{273881B2-D2F7-4F61-BA41-5AB4F8F3C7BF} = {C007F7FB-94FD-4294-899D-5B1FAF53C8E3}
		{BFD91164-25B0-4AEB-9764-D578590CB17D} = {C007F7FB-94FD-4294-899D-5B1FAF53C8E3}
		{D449BBED-638D-47F7-9363-6F856C0C7F0B} = {C06666B1-53E9-40DC-A7C2-22123791AA32}
		{4992F120-DAF6-4A20-93D4-8919117622F7} = {C06666B1-53E9-40DC-A7C2-22123791AA32}
		{12F1322D-4260-4D6B-8866-CFB62010C24F} = {22D52919-8EFC-464C-9CB3-2A77EFC7A87F}
		{7E4E8133-6A31-47CD-BCEC-19B1B835FE4D} = {22D52919-8EFC-464C-9CB3-2A77EFC7A87F}
		{5B1D8834-C8A0-46D8-91AB-0486703718E7} = {C06666B1-53E9-40DC-A7C2-22123791AA32}
		{71055FB7-0D25-3EDF-B09E-9B92830E49CA} = {C06666B1-53E9-40DC-A7C2-22123791AA32}
		{3CF2DA46-651A-49C3-BAF5-DE82738B8EBD} = {C06666B1-53E9-40DC-A7C2-22123791AA32}
		{782A589E-17BD-4B8D-8F49-6A3517F486A3} = {C06666B1-53E9-40DC-A7C2-22123791AA32}
		{54AC7146-BDDA-4D09-970F-B6D309CF0891} = {C06666B1-53E9-40DC-A7C2-22123791AA32}
	EndGlobalSection
	GlobalSection(ExtensibilityGlobals) = postSolution
		SolutionGuid = {6CCC775F-F456-34F4-B339-8B27EB672AAC}
		VisualSVNWorkingCopyRoot = .
	EndGlobalSection
EndGlobal
