<?xml version="1.0" encoding="utf-8"?>
<Project ToolsVersion="15.0" xmlns="http://schemas.microsoft.com/developer/msbuild/2003">
  <ItemGroup>
    <ClCompile Include="HLAfloat64Interval.cpp">
      <Filter>Source Files</Filter>
    </ClCompile>
    <ClCompile Include="HLAfloat64Time.cpp">
      <Filter>Source Files</Filter>
    </ClCompile>
    <ClCompile Include="HLAfloat64TimeFactory.cpp">
      <Filter>Source Files</Filter>
    </ClCompile>
    <ClCompile Include="HLAinteger64Interval.cpp">
      <Filter>Source Files</Filter>
    </ClCompile>
    <ClCompile Include="HLAinteger64Time.cpp">
      <Filter>Source Files</Filter>
    </ClCompile>
    <ClCompile Include="HLAinteger64TimeFactory.cpp">
      <Filter>Source Files</Filter>
    </ClCompile>
    <ClCompile Include="LogicalTimeFactoryFactory.cpp">
      <Filter>Source Files</Filter>
    </ClCompile>
    <ClCompile Include="RTI1516fedTime.cpp">
      <Filter>Source Files</Filter>
    </ClCompile>
  </ItemGroup>
  <ItemGroup>
    <Filter Include="Source Files">
      <UniqueIdentifier>{9EE5D17F-9483-399A-A6CE-662AEF0771B4}</UniqueIdentifier>
    </Filter>
    <Filter Include="Shared Header Files">
      <UniqueIdentifier>{e361081d-6615-4714-afb7-64038f861689}</UniqueIdentifier>
    </Filter>
  </ItemGroup>
  <ItemGroup>
    <ClInclude Include="VariableLengthDataImplementation.h">
      <Filter>Source Files</Filter>
    </ClInclude>
    <ClInclude Include="RTIambassadorImplementation.h">
      <Filter>Source Files</Filter>
    </ClInclude>
    <ClInclude Include="RTI1516LogicalTimeFactory.h">
      <Filter>Source Files</Filter>
    </ClInclude>
    <ClInclude Include="RTI1516integer64TimeFactory.h">
      <Filter>Source Files</Filter>
    </ClInclude>
    <ClInclude Include="RTI1516float64TimeFactory.h">
      <Filter>Source Files</Filter>
    </ClInclude>
    <ClInclude Include="HandleImplementation.h">
      <Filter>Source Files</Filter>
    </ClInclude>
    <ClInclude Include="..\..\include\rti1516\RTI\Enums.h">
      <Filter>Shared Header Files</Filter>
    </ClInclude>
    <ClInclude Include="..\..\include\rti1516\RTI\Exception.h">
      <Filter>Shared Header Files</Filter>
    </ClInclude>
    <ClInclude Include="..\..\include\rti1516\RTI\FederateAmbassador.h">
      <Filter>Shared Header Files</Filter>
    </ClInclude>
    <ClInclude Include="..\..\include\rti1516\RTI\Handle.h">
      <Filter>Shared Header Files</Filter>
    </ClInclude>
    <ClInclude Include="..\..\include\rti1516\RTI\HLAfloat64Interval.h">
      <Filter>Shared Header Files</Filter>
    </ClInclude>
    <ClInclude Include="..\..\include\rti1516\RTI\HLAfloat64Time.h">
      <Filter>Shared Header Files</Filter>
    </ClInclude>
    <ClInclude Include="..\..\include\rti1516\RTI\HLAfloat64TimeFactory.h">
      <Filter>Shared Header Files</Filter>
    </ClInclude>
    <ClInclude Include="..\..\include\rti1516\RTI\HLAinteger64Interval.h">
      <Filter>Shared Header Files</Filter>
    </ClInclude>
    <ClInclude Include="..\..\include\rti1516\RTI\HLAinteger64Time.h">
      <Filter>Shared Header Files</Filter>
    </ClInclude>
    <ClInclude Include="..\..\include\rti1516\RTI\HLAinteger64TimeFactory.h">
      <Filter>Shared Header Files</Filter>
    </ClInclude>
    <ClInclude Include="..\..\include\rti1516\RTI\LogicalTime.h">
      <Filter>Shared Header Files</Filter>
    </ClInclude>
    <ClInclude Include="..\..\include\rti1516\RTI\LogicalTimeFactory.h">
      <Filter>Shared Header Files</Filter>
    </ClInclude>
    <ClInclude Include="..\..\include\rti1516\RTI\LogicalTimeInterval.h">
      <Filter>Shared Header Files</Filter>
    </ClInclude>
    <ClInclude Include="..\..\include\rti1516\RTI\NullFederateAmbassador.h">
      <Filter>Shared Header Files</Filter>
    </ClInclude>
    <ClInclude Include="..\..\include\rti1516\RTI\RangeBounds.h">
      <Filter>Shared Header Files</Filter>
    </ClInclude>
    <ClInclude Include="..\..\include\rti1516\RTI\RTI1516.h">
      <Filter>Shared Header Files</Filter>
    </ClInclude>
    <ClInclude Include="..\..\include\rti1516\RTI\RTI1516fedTime.h">
      <Filter>Shared Header Files</Filter>
    </ClInclude>
    <ClInclude Include="..\..\include\rti1516\RTI\RTIambassador.h">
      <Filter>Shared Header Files</Filter>
    </ClInclude>
    <ClInclude Include="..\..\include\rti1516\RTI\RTIambassadorFactory.h">
      <Filter>Shared Header Files</Filter>
    </ClInclude>
    <ClInclude Include="..\..\include\rti1516\RTI\SpecificConfig.h">
      <Filter>Shared Header Files</Filter>
    </ClInclude>
    <ClInclude Include="..\..\include\rti1516\RTI\Typedefs.h">
      <Filter>Shared Header Files</Filter>
    </ClInclude>
    <ClInclude Include="..\..\include\rti1516\RTI\VariableLengthData.h">
      <Filter>Shared Header Files</Filter>
    </ClInclude>
  </ItemGroup>
</Project>