<?xml version="1.0" encoding="utf-8"?>
<Project ToolsVersion="4.0" xmlns="http://schemas.microsoft.com/developer/msbuild/2003">
  <ItemGroup>
    <Filter Include="Source Files">
      <UniqueIdentifier>{4FC737F1-C7A5-4376-A066-2A32D752A2FF}</UniqueIdentifier>
      <Extensions>cpp;c;cc;cxx;def;odl;idl;hpj;bat;asm;asmx</Extensions>
    </Filter>
  </ItemGroup>
  <ItemGroup>
    <ClCompile Include="main.cpp">
      <Filter>Source Files</Filter>
    </ClCompile>
    <ClCompile Include="..\..\..\..\src\OpenRTI\dprintf.cpp">
      <Filter>Source Files</Filter>
    </ClCompile>
    <ClCompile Include="ManagerFederate.cpp">
      <Filter>Source Files</Filter>
    </ClCompile>
    <ClCompile Include="Mom.cpp">
      <Filter>Source Files</Filter>
    </ClCompile>
    <ClCompile Include="MomFederate.cpp">
      <Filter>Source Files</Filter>
    </ClCompile>
    <ClCompile Include="MomFederation.cpp">
      <Filter>Source Files</Filter>
    </ClCompile>
    <ClCompile Include="..\..\include\RTI1516ESimpleTestLib.cpp">
      <Filter>Source Files</Filter>
    </ClCompile>
  </ItemGroup>
  <ItemGroup>
    <ClInclude Include="..\..\..\..\src\OpenRTI\dprintf.h">
      <Filter>Source Files</Filter>
    </ClInclude>
    <ClInclude Include="ManagerFederate.h">
      <Filter>Source Files</Filter>
    </ClInclude>
    <ClInclude Include="Mom.h">
      <Filter>Source Files</Filter>
    </ClInclude>
    <ClInclude Include="MomFederate.h">
      <Filter>Source Files</Filter>
    </ClInclude>
    <ClInclude Include="MomFederation.h">
      <Filter>Source Files</Filter>
    </ClInclude>
    <ClInclude Include="..\..\include\RTI1516ESimpleTestLib.h">
      <Filter>Source Files</Filter>
    </ClInclude>
  </ItemGroup>
  <ItemGroup>
    <Text Include="CMakeLists.txt" />
  </ItemGroup>
  <ItemGroup>
    <CustomBuild Include="empty.xml">
      <Filter>Source Files</Filter>
    </CustomBuild>
  </ItemGroup>
  <ItemGroup>
    <None Include="emptyFOM.inc">
      <Filter>Source Files</Filter>
    </None>
  </ItemGroup>
</Project>