<?xml version="1.0" encoding="utf-8"?>
<Project ToolsVersion="4.0" xmlns="http://schemas.microsoft.com/developer/msbuild/2003">
  <ItemGroup>
    <Filter Include="Source Files">
      <UniqueIdentifier>{4FC737F1-C7A5-4376-A066-2A32D752A2FF}</UniqueIdentifier>
      <Extensions>cpp;c;cc;cxx;def;odl;idl;hpj;bat;asm;asmx</Extensions>
    </Filter>
  </ItemGroup>
  <ItemGroup>
    <ClCompile Include="main.cpp">
      <Filter>Source Files</Filter>
    </ClCompile>
    <ClCompile Include="TimeConstrainedFederate.cpp">
      <Filter>Source Files</Filter>
    </ClCompile>
    <ClCompile Include="..\..\include\RTI1516ESimpleTestLib.cpp">
      <Filter>Source Files</Filter>
    </ClCompile>
    <ClCompile Include="..\..\..\src\OpenRTI\dprintf.cpp">
      <Filter>Source Files</Filter>
    </ClCompile>
  </ItemGroup>
  <ItemGroup>
    <Xml Include="..\fdd.xml" />
    <Xml Include="..\testfom.xml" />
  </ItemGroup>
  <ItemGroup>
    <None Include="..\testfom.fed" />
  </ItemGroup>
  <ItemGroup>
    <ClInclude Include="TimeConstrainedFederate.h">
      <Filter>Source Files</Filter>
    </ClInclude>
    <ClInclude Include="..\..\include\RTI1516ESimpleTestLib.h">
      <Filter>Source Files</Filter>
    </ClInclude>
    <ClInclude Include="..\..\..\src\OpenRTI\dprintf.h">
      <Filter>Source Files</Filter>
    </ClInclude>
  </ItemGroup>
</Project>