<?xml version="1.0" encoding="utf-8"?>
<Project ToolsVersion="15.0" xmlns="http://schemas.microsoft.com/developer/msbuild/2003">
  <ItemGroup>
    <Filter Include="Source Files">
      <UniqueIdentifier>{9EE5D17F-9483-399A-A6CE-662AEF0771B4}</UniqueIdentifier>
    </Filter>
    <Filter Include="Shared Header Files">
      <UniqueIdentifier>{6612d9bc-5e5f-4dd4-b869-23da956cbcfa}</UniqueIdentifier>
    </Filter>
  </ItemGroup>
  <ItemGroup>
    <ClCompile Include="RTIfedTime.cpp">
      <Filter>Source Files</Filter>
    </ClCompile>
  </ItemGroup>
  <ItemGroup>
    <ClInclude Include="..\..\include\RTI13\baseTypes.hh">
      <Filter>Shared Header Files</Filter>
    </ClInclude>
    <ClInclude Include="..\..\include\RTI13\federateAmbServices.hh">
      <Filter>Shared Header Files</Filter>
    </ClInclude>
    <ClInclude Include="..\..\include\RTI13\fedtime.hh">
      <Filter>Shared Header Files</Filter>
    </ClInclude>
    <ClInclude Include="..\..\include\RTI13\NullFederateAmbassador.hh">
      <Filter>Shared Header Files</Filter>
    </ClInclude>
    <ClInclude Include="..\..\include\RTI13\RTI.hh">
      <Filter>Shared Header Files</Filter>
    </ClInclude>
    <ClInclude Include="..\..\include\RTI13\RTIambServices.hh">
      <Filter>Shared Header Files</Filter>
    </ClInclude>
    <ClInclude Include="..\..\include\RTI13\RTItypes.hh">
      <Filter>Shared Header Files</Filter>
    </ClInclude>
  </ItemGroup>
</Project>